// !$*UTF8*$!
{
	archiveVersion = 1;
	classes = {
	};
	objectVersion = 46;
	objects = {

/* Begin PBXBuildFile section */
		A951C3E115BB25E000D6D4AF /* PreferencesViewController.m in Sources */ = {isa = PBXBuildFile; fileRef = A951C3DF15BB25E000D6D4AF /* PreferencesViewController.m */; };
		A9B9C03915BC06850013E02C /* MainStoryboard.storyboard in Resources */ = {isa = PBXBuildFile; fileRef = A9B9C03815BC06850013E02C /* MainStoryboard.storyboard */; };
		D32C8E9E15BAAAF7009CD20B /* FriendAnnotationView.xib in Resources */ = {isa = PBXBuildFile; fileRef = D32C8E9D15BAAAF7009CD20B /* FriendAnnotationView.xib */; };
		D337C1FD15BAA85700729C7F /* FriendAnnotationView.m in Sources */ = {isa = PBXBuildFile; fileRef = D337C1FC15BAA85700729C7F /* FriendAnnotationView.m */; };
		D39EBFB215BC2FBB00CA3DF2 /* FriendListTableViewController.m in Sources */ = {isa = PBXBuildFile; fileRef = D39EBFB115BC2FBB00CA3DF2 /* FriendListTableViewController.m */; };
		D3B3D38C15BC0B49001D01F4 /* arrow.png in Resources */ = {isa = PBXBuildFile; fileRef = D3B3D37915BC0B49001D01F4 /* arrow.png */; };
		D3B3D38D15BC0B49001D01F4 /* balloon-frame.png in Resources */ = {isa = PBXBuildFile; fileRef = D3B3D37A15BC0B49001D01F4 /* balloon-frame.png */; };
		D3B3D38E15BC0B49001D01F4 /* balloon-left.png in Resources */ = {isa = PBXBuildFile; fileRef = D3B3D37B15BC0B49001D01F4 /* balloon-left.png */; };
		D3B3D38F15BC0B49001D01F4 /* balloon-right.png in Resources */ = {isa = PBXBuildFile; fileRef = D3B3D37C15BC0B49001D01F4 /* balloon-right.png */; };
		D3B3D39015BC0B49001D01F4 /* balloon-stretch.png in Resources */ = {isa = PBXBuildFile; fileRef = D3B3D37D15BC0B49001D01F4 /* balloon-stretch.png */; };
		D3B3D39115BC0B49001D01F4 /* bar.png in Resources */ = {isa = PBXBuildFile; fileRef = D3B3D37E15BC0B49001D01F4 /* bar.png */; };
		D3B3D39215BC0B49001D01F4 /* beerbuddy.png in Resources */ = {isa = PBXBuildFile; fileRef = D3B3D37F15BC0B49001D01F4 /* beerbuddy.png */; };
		D3B3D39315BC0B49001D01F4 /* close_black.png in Resources */ = {isa = PBXBuildFile; fileRef = D3B3D38015BC0B49001D01F4 /* close_black.png */; };
		D3B3D39415BC0B49001D01F4 /* close_black@2x.png in Resources */ = {isa = PBXBuildFile; fileRef = D3B3D38115BC0B49001D01F4 /* close_black@2x.png */; };
		D3B3D39515BC0B49001D01F4 /* close.png in Resources */ = {isa = PBXBuildFile; fileRef = D3B3D38215BC0B49001D01F4 /* close.png */; };
		D3B3D39615BC0B49001D01F4 /* close@2x.png in Resources */ = {isa = PBXBuildFile; fileRef = D3B3D38315BC0B49001D01F4 /* close@2x.png */; };
		D3B3D39715BC0B49001D01F4 /* gear.png in Resources */ = {isa = PBXBuildFile; fileRef = D3B3D38415BC0B49001D01F4 /* gear.png */; };
		D3B3D39815BC0B49001D01F4 /* goinghome.png in Resources */ = {isa = PBXBuildFile; fileRef = D3B3D38515BC0B49001D01F4 /* goinghome.png */; };
		D3B3D39915BC0B49001D01F4 /* goingout.png in Resources */ = {isa = PBXBuildFile; fileRef = D3B3D38615BC0B49001D01F4 /* goingout.png */; };
		D3B3D39A15BC0B49001D01F4 /* grip.png in Resources */ = {isa = PBXBuildFile; fileRef = D3B3D38715BC0B49001D01F4 /* grip.png */; };
		D3B3D39B15BC0B49001D01F4 /* Icon.png in Resources */ = {isa = PBXBuildFile; fileRef = D3B3D38815BC0B49001D01F4 /* Icon.png */; };
		D3B3D39C15BC0B49001D01F4 /* Icon@2x.png in Resources */ = {isa = PBXBuildFile; fileRef = D3B3D38915BC0B49001D01F4 /* Icon@2x.png */; };
		D3B3D39D15BC0B49001D01F4 /* list.png in Resources */ = {isa = PBXBuildFile; fileRef = D3B3D38A15BC0B49001D01F4 /* list.png */; };
		D3B3D39E15BC0B49001D01F4 /* preferences.png in Resources */ = {isa = PBXBuildFile; fileRef = D3B3D38B15BC0B49001D01F4 /* preferences.png */; };
		D3B3D3B015BC0BAE001D01F4 /* Default@2x.png in Resources */ = {isa = PBXBuildFile; fileRef = D3B3D3AF15BC0BAE001D01F4 /* Default@2x.png */; };
		D3B3D3B215BC0BB1001D01F4 /* Default.png in Resources */ = {isa = PBXBuildFile; fileRef = D3B3D3B115BC0BB1001D01F4 /* Default.png */; };
		D3C3704115BAC3E600A0CB27 /* Friend.m in Sources */ = {isa = PBXBuildFile; fileRef = D3C3704015BAC3E600A0CB27 /* Friend.m */; };
		D3C3705815BACCEC00A0CB27 /* libfacebook_ios_sdk.a in Frameworks */ = {isa = PBXBuildFile; fileRef = D3C3705715BACCEC00A0CB27 /* libfacebook_ios_sdk.a */; };
		D3C3705E15BAE70F00A0CB27 /* JSONKit.m in Sources */ = {isa = PBXBuildFile; fileRef = D3C3705D15BAE70F00A0CB27 /* JSONKit.m */; settings = {COMPILER_FLAGS = "-fno-objc-arc"; }; };
		D3C3706115BB0C6300A0CB27 /* Grip.m in Sources */ = {isa = PBXBuildFile; fileRef = D3C3706015BB0C6300A0CB27 /* Grip.m */; };
		D3D2C49615BC16DC00573A38 /* beerbuddy_0003s_0000_iphone.png in Resources */ = {isa = PBXBuildFile; fileRef = D3D2C46C15BC16DC00573A38 /* beerbuddy_0003s_0000_iphone.png */; };
		D3D2C49715BC16DC00573A38 /* beerbuddy_0003s_0000s_0000_Livello-8.png in Resources */ = {isa = PBXBuildFile; fileRef = D3D2C46D15BC16DC00573A38 /* beerbuddy_0003s_0000s_0000_Livello-8.png */; };
		D3D2C49815BC16DC00573A38 /* beerbuddy_0003s_0000s_0000s_0000_GOING-HOME_.png in Resources */ = {isa = PBXBuildFile; fileRef = D3D2C46E15BC16DC00573A38 /* beerbuddy_0003s_0000s_0000s_0000_GOING-HOME_.png */; };
		D3D2C49915BC16DC00573A38 /* beerbuddy_0003s_0000s_0000s_0001_top.png in Resources */ = {isa = PBXBuildFile; fileRef = D3D2C46F15BC16DC00573A38 /* beerbuddy_0003s_0000s_0000s_0001_top.png */; };
		D3D2C49A15BC16DC00573A38 /* beerbuddy_0003s_0000s_0000s_0002_bottom.png in Resources */ = {isa = PBXBuildFile; fileRef = D3D2C47015BC16DC00573A38 /* beerbuddy_0003s_0000s_0000s_0002_bottom.png */; };
		D3D2C49B15BC16DC00573A38 /* beerbuddy_0003s_0000s_0000s_0003_Livello-4.png in Resources */ = {isa = PBXBuildFile; fileRef = D3D2C47115BC16DC00573A38 /* beerbuddy_0003s_0000s_0000s_0003_Livello-4.png */; };
		D3D2C49C15BC16DC00573A38 /* beerbuddy_0003s_0000s_0001_Rounded-Rectangle-1.png in Resources */ = {isa = PBXBuildFile; fileRef = D3D2C47215BC16DC00573A38 /* beerbuddy_0003s_0000s_0001_Rounded-Rectangle-1.png */; };
		D3D2C49D15BC16DC00573A38 /* beerbuddy_0003s_0000s_0003_Shape-1.png in Resources */ = {isa = PBXBuildFile; fileRef = D3D2C47315BC16DC00573A38 /* beerbuddy_0003s_0000s_0003_Shape-1.png */; };
		D3D2C49E15BC16DC00573A38 /* beerbuddy_0003s_0001_Layer-3.png in Resources */ = {isa = PBXBuildFile; fileRef = D3D2C47415BC16DC00573A38 /* beerbuddy_0003s_0001_Layer-3.png */; };
		D3D2C49F15BC16DC00573A38 /* beerbuddy_0003s_0001s_0001_Wybren-van-der-Zee.png in Resources */ = {isa = PBXBuildFile; fileRef = D3D2C47515BC16DC00573A38 /* beerbuddy_0003s_0001s_0001_Wybren-van-der-Zee.png */; };
		D3D2C4A015BC16DC00573A38 /* beerbuddy_0003s_0001s_0002_Layer-3-copy.png in Resources */ = {isa = PBXBuildFile; fileRef = D3D2C47615BC16DC00573A38 /* beerbuddy_0003s_0001s_0002_Layer-3-copy.png */; };
		D3D2C4A115BC16DC00573A38 /* beerbuddy_0003s_0001s_0003_background.png in Resources */ = {isa = PBXBuildFile; fileRef = D3D2C47715BC16DC00573A38 /* beerbuddy_0003s_0001s_0003_background.png */; };
		D3D2C4A215BC16DC00573A38 /* beerbuddy_0003s_0002_Livello-6.png in Resources */ = {isa = PBXBuildFile; fileRef = D3D2C47815BC16DC00573A38 /* beerbuddy_0003s_0002_Livello-6.png */; };
		D3D2C4A315BC16DC00573A38 /* beerbuddy_0003s_0002s_0000_Layer-4.png in Resources */ = {isa = PBXBuildFile; fileRef = D3D2C47915BC16DC00573A38 /* beerbuddy_0003s_0002s_0000_Layer-4.png */; };
		D3D2C4A415BC16DC00573A38 /* beerbuddy_0003s_0002s_0001_background-copy-2.png in Resources */ = {isa = PBXBuildFile; fileRef = D3D2C47A15BC16DC00573A38 /* beerbuddy_0003s_0002s_0001_background-copy-2.png */; };
		D3D2C4A515BC16DC00573A38 /* beerbuddy_0004s_0000_iphone.png in Resources */ = {isa = PBXBuildFile; fileRef = D3D2C47B15BC16DC00573A38 /* beerbuddy_0004s_0000_iphone.png */; };
		D3D2C4A615BC16DC00573A38 /* beerbuddy_0004s_0000s_0000_slide.png in Resources */ = {isa = PBXBuildFile; fileRef = D3D2C47C15BC16DC00573A38 /* beerbuddy_0004s_0000s_0000_slide.png */; };
		D3D2C4A815BC16DC00573A38 /* beerbuddy_0004s_0000s_0000s_0001_top.png in Resources */ = {isa = PBXBuildFile; fileRef = D3D2C47E15BC16DC00573A38 /* beerbuddy_0004s_0000s_0000s_0001_top.png */; };
		D3D2C4A915BC16DC00573A38 /* beerbuddy_0004s_0000s_0000s_0002_bottom.png in Resources */ = {isa = PBXBuildFile; fileRef = D3D2C47F15BC16DC00573A38 /* beerbuddy_0004s_0000s_0000s_0002_bottom.png */; };
		D3D2C4AA15BC16DC00573A38 /* beerbuddy_0004s_0000s_0000s_0003_Livello-4.png in Resources */ = {isa = PBXBuildFile; fileRef = D3D2C48015BC16DC00573A38 /* beerbuddy_0004s_0000s_0000s_0003_Livello-4.png */; };
		D3D2C4AB15BC16DC00573A38 /* beerbuddy_0004s_0000s_0001_Livello-5.png in Resources */ = {isa = PBXBuildFile; fileRef = D3D2C48115BC16DC00573A38 /* beerbuddy_0004s_0000s_0001_Livello-5.png */; };
		D3D2C4AC15BC16DC00573A38 /* beerbuddy_0004s_0000s_0002_Shape-1.png in Resources */ = {isa = PBXBuildFile; fileRef = D3D2C48215BC16DC00573A38 /* beerbuddy_0004s_0000s_0002_Shape-1.png */; };
		D3D2C4AD15BC16DC00573A38 /* beerbuddy_0004s_0000s_0003_BeerBuddies-copy.png in Resources */ = {isa = PBXBuildFile; fileRef = D3D2C48315BC16DC00573A38 /* beerbuddy_0004s_0000s_0003_BeerBuddies-copy.png */; };
		D3D2C4AE15BC16DC00573A38 /* beerbuddy_0004s_0000s_0004_Rectangle-2-copy-6.png in Resources */ = {isa = PBXBuildFile; fileRef = D3D2C48415BC16DC00573A38 /* beerbuddy_0004s_0000s_0004_Rectangle-2-copy-6.png */; };
		D3D2C4AF15BC16DC00573A38 /* beerbuddy_0004s_0002_Rectangle-2-copy-5.png in Resources */ = {isa = PBXBuildFile; fileRef = D3D2C48515BC16DC00573A38 /* beerbuddy_0004s_0002_Rectangle-2-copy-5.png */; };
		D3D2C4B015BC16DC00573A38 /* beerbuddy_0005s_0000_Login-with-facebook.png in Resources */ = {isa = PBXBuildFile; fileRef = D3D2C48615BC16DC00573A38 /* beerbuddy_0005s_0000_Login-with-facebook.png */; };
		D3D2C4B115BC16DC00573A38 /* beerbuddy_0005s_0001_BeerBuddies.png in Resources */ = {isa = PBXBuildFile; fileRef = D3D2C48715BC16DC00573A38 /* beerbuddy_0005s_0001_BeerBuddies.png */; };
		D3D2C4B215BC16DC00573A38 /* beerbuddy_0005s_0002_submit-button-copy-25.png in Resources */ = {isa = PBXBuildFile; fileRef = D3D2C48815BC16DC00573A38 /* beerbuddy_0005s_0002_submit-button-copy-25.png */; };
		D3D2C4B315BC16DC00573A38 /* beerbuddy_0005s_0003_iphone.png in Resources */ = {isa = PBXBuildFile; fileRef = D3D2C48915BC16DC00573A38 /* beerbuddy_0005s_0003_iphone.png */; };
		D3D2C4B415BC16DC00573A38 /* beerbuddy_0005s_0004_We-let-you-share-your-location-with-your---facebook-friends,-bu.png in Resources */ = {isa = PBXBuildFile; fileRef = D3D2C48A15BC16DC00573A38 /* beerbuddy_0005s_0004_We-let-you-share-your-location-with-your---facebook-friends,-bu.png */; };
		D3D2C4B615BC16DC00573A38 /* beerbuddy_0005s_0008_Rectangle-2-copy-3.png in Resources */ = {isa = PBXBuildFile; fileRef = D3D2C48C15BC16DC00573A38 /* beerbuddy_0005s_0008_Rectangle-2-copy-3.png */; };
		D3D2C4B715BC16DC00573A38 /* beerbuddy_0005s_0009_Rectangle-2.png in Resources */ = {isa = PBXBuildFile; fileRef = D3D2C48D15BC16DC00573A38 /* beerbuddy_0005s_0009_Rectangle-2.png */; };
		D3D2C4B815BC16DC00573A38 /* beerbuddy_0005s_0010_Rectangle-1.png in Resources */ = {isa = PBXBuildFile; fileRef = D3D2C48E15BC16DC00573A38 /* beerbuddy_0005s_0010_Rectangle-1.png */; };
		D3D2C4B915BC16DC00573A38 /* beerbuddy_0006s_0001_BeerBuddies.png in Resources */ = {isa = PBXBuildFile; fileRef = D3D2C48F15BC16DC00573A38 /* beerbuddy_0006s_0001_BeerBuddies.png */; };
		D3D2C4BA15BC16DC00573A38 /* beerbuddy_0006s_0003_iphone.png in Resources */ = {isa = PBXBuildFile; fileRef = D3D2C49015BC16DC00573A38 /* beerbuddy_0006s_0003_iphone.png */; };
		D3D2C4BB15BC16DC00573A38 /* beerbuddy_0006s_0008_Rectangle-2-copy-3.png in Resources */ = {isa = PBXBuildFile; fileRef = D3D2C49115BC16DC00573A38 /* beerbuddy_0006s_0008_Rectangle-2-copy-3.png */; };
		D3D2C4BC15BC16DC00573A38 /* beerbuddy_0006s_0009_Rectangle-2.png in Resources */ = {isa = PBXBuildFile; fileRef = D3D2C49215BC16DC00573A38 /* beerbuddy_0006s_0009_Rectangle-2.png */; };
		D3D2C4BD15BC16DC00573A38 /* beerbuddy_0006s_0010_Rectangle-1.png in Resources */ = {isa = PBXBuildFile; fileRef = D3D2C49315BC16DC00573A38 /* beerbuddy_0006s_0010_Rectangle-1.png */; };
		D3D2C4BE15BC16DC00573A38 /* going-home_0003s_0000s_0000s_0000_GOING-HOME_.png in Resources */ = {isa = PBXBuildFile; fileRef = D3D2C49415BC16DC00573A38 /* going-home_0003s_0000s_0000s_0000_GOING-HOME_.png */; };
		D3D2C4BF15BC16DC00573A38 /* stukjetext_0005s_0004_We-let-you-share-your-location-with-your---facebook-friends,-bu.png in Resources */ = {isa = PBXBuildFile; fileRef = D3D2C49515BC16DC00573A38 /* stukjetext_0005s_0004_We-let-you-share-your-location-with-your---facebook-friends,-bu.png */; };
		D3D2C50915BC198E00573A38 /* beerbuddy_0000s_0000_iphone.png in Resources */ = {isa = PBXBuildFile; fileRef = D3D2C4C715BC198A00573A38 /* beerbuddy_0000s_0000_iphone.png */; };
		D3D2C50A15BC198E00573A38 /* beerbuddy_0000s_0001s_0000s_0000__Path_.png in Resources */ = {isa = PBXBuildFile; fileRef = D3D2C4C815BC198A00573A38 /* beerbuddy_0000s_0001s_0000s_0000__Path_.png */; };
		D3D2C50B15BC198E00573A38 /* beerbuddy_0000s_0001s_0000s_0001__Path_.png in Resources */ = {isa = PBXBuildFile; fileRef = D3D2C4C915BC198A00573A38 /* beerbuddy_0000s_0001s_0000s_0001__Path_.png */; };
		D3D2C50C15BC198E00573A38 /* beerbuddy_0000s_0001s_0001s_0000__Path_.png in Resources */ = {isa = PBXBuildFile; fileRef = D3D2C4CA15BC198A00573A38 /* beerbuddy_0000s_0001s_0001s_0000__Path_.png */; };
		D3D2C50D15BC198E00573A38 /* beerbuddy_0000s_0001s_0001s_0001__Path_.png in Resources */ = {isa = PBXBuildFile; fileRef = D3D2C4CB15BC198A00573A38 /* beerbuddy_0000s_0001s_0001s_0001__Path_.png */; };
		D3D2C50E15BC198E00573A38 /* beerbuddy_0000s_0001s_0002s_0000s_0000__Path_.png in Resources */ = {isa = PBXBuildFile; fileRef = D3D2C4CC15BC198A00573A38 /* beerbuddy_0000s_0001s_0002s_0000s_0000__Path_.png */; };
		D3D2C50F15BC198E00573A38 /* beerbuddy_0000s_0001s_0002s_0000s_0001__Path_.png in Resources */ = {isa = PBXBuildFile; fileRef = D3D2C4CD15BC198A00573A38 /* beerbuddy_0000s_0001s_0002s_0000s_0001__Path_.png */; };
		D3D2C51015BC198E00573A38 /* beerbuddy_0000s_0001s_0002s_0001s_0000__Path_.png in Resources */ = {isa = PBXBuildFile; fileRef = D3D2C4CE15BC198A00573A38 /* beerbuddy_0000s_0001s_0002s_0001s_0000__Path_.png */; };
		D3D2C51115BC198E00573A38 /* beerbuddy_0000s_0001s_0002s_0001s_0001__Path_.png in Resources */ = {isa = PBXBuildFile; fileRef = D3D2C4CF15BC198A00573A38 /* beerbuddy_0000s_0001s_0002s_0001s_0001__Path_.png */; };
		D3D2C51215BC198E00573A38 /* beerbuddy_0000s_0002_ARROW-RIGHT.png in Resources */ = {isa = PBXBuildFile; fileRef = D3D2C4D015BC198A00573A38 /* beerbuddy_0000s_0002_ARROW-RIGHT.png */; };
		D3D2C51315BC198E00573A38 /* beerbuddy_0000s_0003_swipe.png in Resources */ = {isa = PBXBuildFile; fileRef = D3D2C4D115BC198A00573A38 /* beerbuddy_0000s_0003_swipe.png */; };
		D3D2C51515BC198E00573A38 /* beerbuddy_0000s_0005_Wybren-van-der-Zee.png in Resources */ = {isa = PBXBuildFile; fileRef = D3D2C4D315BC198A00573A38 /* beerbuddy_0000s_0005_Wybren-van-der-Zee.png */; };
		D3D2C51615BC198E00573A38 /* beerbuddy_0000s_0007_Layer-3-copy.png in Resources */ = {isa = PBXBuildFile; fileRef = D3D2C4D415BC198B00573A38 /* beerbuddy_0000s_0007_Layer-3-copy.png */; };
		D3D2C51715BC198E00573A38 /* beerbuddy_0000s_0008_Layer-2.png in Resources */ = {isa = PBXBuildFile; fileRef = D3D2C4D515BC198B00573A38 /* beerbuddy_0000s_0008_Layer-2.png */; };
		D3D2C51815BC198E00573A38 /* beerbuddy_0000s_0009_background-copy-2.png in Resources */ = {isa = PBXBuildFile; fileRef = D3D2C4D615BC198B00573A38 /* beerbuddy_0000s_0009_background-copy-2.png */; };
		D3D2C51915BC198E00573A38 /* beerbuddy_0000s_0010_background.png in Resources */ = {isa = PBXBuildFile; fileRef = D3D2C4D715BC198B00573A38 /* beerbuddy_0000s_0010_background.png */; };
		D3D2C51A15BC198E00573A38 /* beerbuddy_0000s_0013_Shape-1.png in Resources */ = {isa = PBXBuildFile; fileRef = D3D2C4D815BC198B00573A38 /* beerbuddy_0000s_0013_Shape-1.png */; };
		D3D2C51B15BC198E00573A38 /* beerbuddy_0000s_0015_Layer-1.png in Resources */ = {isa = PBXBuildFile; fileRef = D3D2C4D915BC198B00573A38 /* beerbuddy_0000s_0015_Layer-1.png */; };
		D3D2C51C15BC198E00573A38 /* beerbuddy_0001s_0000_iphone.png in Resources */ = {isa = PBXBuildFile; fileRef = D3D2C4DA15BC198B00573A38 /* beerbuddy_0001s_0000_iphone.png */; };
		D3D2C51D15BC198E00573A38 /* beerbuddy_0001s_0001_Settings.png in Resources */ = {isa = PBXBuildFile; fileRef = D3D2C4DB15BC198B00573A38 /* beerbuddy_0001s_0001_Settings.png */; };
		D3D2C51E15BC198E00573A38 /* beerbuddy_0001s_0002_Rounded-Rectangle-1.png in Resources */ = {isa = PBXBuildFile; fileRef = D3D2C4DC15BC198B00573A38 /* beerbuddy_0001s_0002_Rounded-Rectangle-1.png */; };
		D3D2C51F15BC198E00573A38 /* beerbuddy_0001s_0003_handle-copy-2.png in Resources */ = {isa = PBXBuildFile; fileRef = D3D2C4DD15BC198B00573A38 /* beerbuddy_0001s_0003_handle-copy-2.png */; };
		D3D2C52015BC198E00573A38 /* beerbuddy_0001s_0004_handle-copy.png in Resources */ = {isa = PBXBuildFile; fileRef = D3D2C4DE15BC198B00573A38 /* beerbuddy_0001s_0004_handle-copy.png */; };
		D3D2C52115BC198E00573A38 /* beerbuddy_0001s_0005_Shape-7-copy-5.png in Resources */ = {isa = PBXBuildFile; fileRef = D3D2C4DF15BC198B00573A38 /* beerbuddy_0001s_0005_Shape-7-copy-5.png */; };
		D3D2C52215BC198E00573A38 /* beerbuddy_0001s_0006_Shape-1.png in Resources */ = {isa = PBXBuildFile; fileRef = D3D2C4E015BC198B00573A38 /* beerbuddy_0001s_0006_Shape-1.png */; };
		D3D2C52315BC198E00573A38 /* beerbuddy_0001s_0007_Rectangle-1.png in Resources */ = {isa = PBXBuildFile; fileRef = D3D2C4E115BC198B00573A38 /* beerbuddy_0001s_0007_Rectangle-1.png */; };
		D3D2C52415BC198E00573A38 /* beerbuddy_0001s_0008_Also-show-friends-of-friends.png in Resources */ = {isa = PBXBuildFile; fileRef = D3D2C4E215BC198B00573A38 /* beerbuddy_0001s_0008_Also-show-friends-of-friends.png */; };
		D3D2C52515BC198E00573A38 /* beerbuddy_0001s_0009_Love_hate-our-application_-Tell-us.png in Resources */ = {isa = PBXBuildFile; fileRef = D3D2C4E315BC198B00573A38 /* beerbuddy_0001s_0009_Love_hate-our-application_-Tell-us.png */; };
		D3D2C52615BC198E00573A38 /* beerbuddy_0001s_0010_Shape-39-copy-2.png in Resources */ = {isa = PBXBuildFile; fileRef = D3D2C4E415BC198C00573A38 /* beerbuddy_0001s_0010_Shape-39-copy-2.png */; };
		D3D2C52715BC198E00573A38 /* beerbuddy_0001s_0011_Shape-39-copy-3.png in Resources */ = {isa = PBXBuildFile; fileRef = D3D2C4E515BC198C00573A38 /* beerbuddy_0001s_0011_Shape-39-copy-3.png */; };
		D3D2C52815BC198E00573A38 /* beerbuddy_0001s_0012_Rectangle-2-copy.png in Resources */ = {isa = PBXBuildFile; fileRef = D3D2C4E615BC198C00573A38 /* beerbuddy_0001s_0012_Rectangle-2-copy.png */; };
		D3D2C52915BC198E00573A38 /* beerbuddy_0001s_0013_Invite-friends-to-use-the-Going-Out-app!.png in Resources */ = {isa = PBXBuildFile; fileRef = D3D2C4E715BC198C00573A38 /* beerbuddy_0001s_0013_Invite-friends-to-use-the-Going-Out-app!.png */; };
		D3D2C52A15BC198E00573A38 /* beerbuddy_0001s_0014_Rectangle-2-copy-4.png in Resources */ = {isa = PBXBuildFile; fileRef = D3D2C4E815BC198C00573A38 /* beerbuddy_0001s_0014_Rectangle-2-copy-4.png */; };
		D3D2C52B15BC198E00573A38 /* beerbuddy_0001s_0015_Rectangle-2-copy-2.png in Resources */ = {isa = PBXBuildFile; fileRef = D3D2C4E915BC198C00573A38 /* beerbuddy_0001s_0015_Rectangle-2-copy-2.png */; };
		D3D2C52C15BC198E00573A38 /* beerbuddy_0001s_0016_Rectangle-2.png in Resources */ = {isa = PBXBuildFile; fileRef = D3D2C4EA15BC198C00573A38 /* beerbuddy_0001s_0016_Rectangle-2.png */; };
		D3D2C52D15BC198E00573A38 /* beerbuddy_0001s_0017_Buzz-me-when-someone-is-nearby.png in Resources */ = {isa = PBXBuildFile; fileRef = D3D2C4EB15BC198C00573A38 /* beerbuddy_0001s_0017_Buzz-me-when-someone-is-nearby.png */; };
		D3D2C52E15BC198E00573A38 /* beerbuddy_0001s_0019_Rectangle-2.png in Resources */ = {isa = PBXBuildFile; fileRef = D3D2C4EC15BC198C00573A38 /* beerbuddy_0001s_0019_Rectangle-2.png */; };
		D3D2C52F15BC198E00573A38 /* beerbuddy_0002s_0000_iphone.png in Resources */ = {isa = PBXBuildFile; fileRef = D3D2C4ED15BC198C00573A38 /* beerbuddy_0002s_0000_iphone.png */; };
		D3D2C53015BC198E00573A38 /* beerbuddy_0002s_0001_Going-out...png in Resources */ = {isa = PBXBuildFile; fileRef = D3D2C4EE15BC198C00573A38 /* beerbuddy_0002s_0001_Going-out...png */; };
		D3D2C53115BC198E00573A38 /* beerbuddy_0002s_0003_Rounded-Rectangle-1.png in Resources */ = {isa = PBXBuildFile; fileRef = D3D2C4EF15BC198C00573A38 /* beerbuddy_0002s_0003_Rounded-Rectangle-1.png */; };
		D3D2C53215BC198E00573A38 /* beerbuddy_0002s_0004_Shape-7-copy-5.png in Resources */ = {isa = PBXBuildFile; fileRef = D3D2C4F015BC198C00573A38 /* beerbuddy_0002s_0004_Shape-7-copy-5.png */; };
		D3D2C53315BC198E00573A38 /* beerbuddy_0002s_0006_This-way-your-friends-can-see-you-on-their-map-and-vice-versa.-.png in Resources */ = {isa = PBXBuildFile; fileRef = D3D2C4F115BC198C00573A38 /* beerbuddy_0002s_0006_This-way-your-friends-can-see-you-on-their-map-and-vice-versa.-.png */; };
		D3D2C53415BC198E00573A38 /* beerbuddy_0002s_0007_handle.png in Resources */ = {isa = PBXBuildFile; fileRef = D3D2C4F215BC198C00573A38 /* beerbuddy_0002s_0007_handle.png */; };
		D3D2C53515BC198E00573A38 /* beerbuddy_0002s_0008_ON.png in Resources */ = {isa = PBXBuildFile; fileRef = D3D2C4F315BC198C00573A38 /* beerbuddy_0002s_0008_ON.png */; };
		D3D2C53615BC198E00573A38 /* beerbuddy_0002s_0009_gloss.png in Resources */ = {isa = PBXBuildFile; fileRef = D3D2C4F415BC198C00573A38 /* beerbuddy_0002s_0009_gloss.png */; };
		D3D2C53715BC198E00573A38 /* beerbuddy_0002s_0010_background.png in Resources */ = {isa = PBXBuildFile; fileRef = D3D2C4F515BC198C00573A38 /* beerbuddy_0002s_0010_background.png */; };
		D3D2C53915BC198E00573A38 /* beerbuddy_0002s_0012_Shape-1.png in Resources */ = {isa = PBXBuildFile; fileRef = D3D2C4F715BC198C00573A38 /* beerbuddy_0002s_0012_Shape-1.png */; };
		D3D2C53A15BC198E00573A38 /* beerbuddy_0002s_0013_Rectangle-1.png in Resources */ = {isa = PBXBuildFile; fileRef = D3D2C4F815BC198C00573A38 /* beerbuddy_0002s_0013_Rectangle-1.png */; };
		D3D2C53B15BC198E00573A38 /* beerbuddy_0002s_0015_Rectangle-2.png in Resources */ = {isa = PBXBuildFile; fileRef = D3D2C4F915BC198C00573A38 /* beerbuddy_0002s_0015_Rectangle-2.png */; };
		D3D2C53C15BC198E00573A38 /* beerbuddy_0002s_0019_Rectangle-2.png in Resources */ = {isa = PBXBuildFile; fileRef = D3D2C4FA15BC198D00573A38 /* beerbuddy_0002s_0019_Rectangle-2.png */; };
		D3D2C53D15BC198E00573A38 /* beerbuddy_0003s_0000_Login-with-facebook.png in Resources */ = {isa = PBXBuildFile; fileRef = D3D2C4FB15BC198D00573A38 /* beerbuddy_0003s_0000_Login-with-facebook.png */; };
		D3D2C53E15BC198E00573A38 /* beerbuddy_0003s_0001_submit-button-copy-25.png in Resources */ = {isa = PBXBuildFile; fileRef = D3D2C4FC15BC198D00573A38 /* beerbuddy_0003s_0001_submit-button-copy-25.png */; };
		D3D2C53F15BC198E00573A38 /* beerbuddy_0003s_0002_iphone.png in Resources */ = {isa = PBXBuildFile; fileRef = D3D2C4FD15BC198D00573A38 /* beerbuddy_0003s_0002_iphone.png */; };
		D3D2C54015BC198E00573A38 /* beerbuddy_0003s_0003_We-let-you-share-your-location-with-your---facebook-friends,-bu.png in Resources */ = {isa = PBXBuildFile; fileRef = D3D2C4FE15BC198D00573A38 /* beerbuddy_0003s_0003_We-let-you-share-your-location-with-your---facebook-friends,-bu.png */; };
		D3D2C54215BC198E00573A38 /* beerbuddy_0003s_0005_Going-out...png in Resources */ = {isa = PBXBuildFile; fileRef = D3D2C50015BC198D00573A38 /* beerbuddy_0003s_0005_Going-out...png */; };
		D3D2C54315BC198E00573A38 /* beerbuddy_0003s_0006_Shape-1.png in Resources */ = {isa = PBXBuildFile; fileRef = D3D2C50115BC198D00573A38 /* beerbuddy_0003s_0006_Shape-1.png */; };
		D3D2C54415BC198E00573A38 /* beerbuddy_0003s_0007_Rectangle-1-copy.png in Resources */ = {isa = PBXBuildFile; fileRef = D3D2C50215BC198D00573A38 /* beerbuddy_0003s_0007_Rectangle-1-copy.png */; };
		D3D2C54515BC198E00573A38 /* beerbuddy_0003s_0008_Rectangle-2-copy-3.png in Resources */ = {isa = PBXBuildFile; fileRef = D3D2C50315BC198D00573A38 /* beerbuddy_0003s_0008_Rectangle-2-copy-3.png */; };
		D3D2C54615BC198E00573A38 /* beerbuddy_0003s_0009_Rectangle-2.png in Resources */ = {isa = PBXBuildFile; fileRef = D3D2C50415BC198D00573A38 /* beerbuddy_0003s_0009_Rectangle-2.png */; };
		D3D2C54715BC198E00573A38 /* beerbuddy_0003s_0010_Rectangle-1.png in Resources */ = {isa = PBXBuildFile; fileRef = D3D2C50515BC198D00573A38 /* beerbuddy_0003s_0010_Rectangle-1.png */; };
		D3D2C54815BC198E00573A38 /* beerbuddybuttonlogin.png in Resources */ = {isa = PBXBuildFile; fileRef = D3D2C50615BC198D00573A38 /* beerbuddybuttonlogin.png */; };
		D3D2C54915BC198E00573A38 /* bluebutton@2x copy.png in Resources */ = {isa = PBXBuildFile; fileRef = D3D2C50715BC198D00573A38 /* bluebutton@2x copy.png */; };
		D3D2C54A15BC198E00573A38 /* bluebutton@2x.png in Resources */ = {isa = PBXBuildFile; fileRef = D3D2C50815BC198D00573A38 /* bluebutton@2x.png */; };
		D3D2C54D15BC1D4400573A38 /* FacebookLoginViewController.m in Sources */ = {isa = PBXBuildFile; fileRef = D3D2C54C15BC1D4400573A38 /* FacebookLoginViewController.m */; };
		D3E4656215BA9CBA000D0BB3 /* UIKit.framework in Frameworks */ = {isa = PBXBuildFile; fileRef = D3E4656115BA9CBA000D0BB3 /* UIKit.framework */; };
		D3E4656415BA9CBA000D0BB3 /* Foundation.framework in Frameworks */ = {isa = PBXBuildFile; fileRef = D3E4656315BA9CBA000D0BB3 /* Foundation.framework */; };
		D3E4656615BA9CBA000D0BB3 /* CoreGraphics.framework in Frameworks */ = {isa = PBXBuildFile; fileRef = D3E4656515BA9CBA000D0BB3 /* CoreGraphics.framework */; };
		D3E4656C15BA9CBA000D0BB3 /* InfoPlist.strings in Resources */ = {isa = PBXBuildFile; fileRef = D3E4656A15BA9CBA000D0BB3 /* InfoPlist.strings */; };
		D3E4656E15BA9CBA000D0BB3 /* main.m in Sources */ = {isa = PBXBuildFile; fileRef = D3E4656D15BA9CBA000D0BB3 /* main.m */; };
		D3E4657215BA9CBA000D0BB3 /* AppDelegate.m in Sources */ = {isa = PBXBuildFile; fileRef = D3E4657115BA9CBA000D0BB3 /* AppDelegate.m */; };
		D3E4657815BA9CBA000D0BB3 /* ViewController.m in Sources */ = {isa = PBXBuildFile; fileRef = D3E4657715BA9CBA000D0BB3 /* ViewController.m */; };
		D3E4658415BA9E40000D0BB3 /* MapKit.framework in Frameworks */ = {isa = PBXBuildFile; fileRef = D3E4658315BA9E40000D0BB3 /* MapKit.framework */; };
		D3E4658915BAA18C000D0BB3 /* CoreLocation.framework in Frameworks */ = {isa = PBXBuildFile; fileRef = D3E4658815BAA18C000D0BB3 /* CoreLocation.framework */; };
/* End PBXBuildFile section */

/* Begin PBXFileReference section */
		A951C3DE15BB25E000D6D4AF /* PreferencesViewController.h */ = {isa = PBXFileReference; fileEncoding = 4; lastKnownFileType = sourcecode.c.h; path = PreferencesViewController.h; sourceTree = "<group>"; };
		A951C3DF15BB25E000D6D4AF /* PreferencesViewController.m */ = {isa = PBXFileReference; fileEncoding = 4; lastKnownFileType = sourcecode.c.objc; path = PreferencesViewController.m; sourceTree = "<group>"; };
		A9B9C03815BC06850013E02C /* MainStoryboard.storyboard */ = {isa = PBXFileReference; fileEncoding = 4; lastKnownFileType = file.storyboard; path = MainStoryboard.storyboard; sourceTree = "<group>"; };
		D32C8E9D15BAAAF7009CD20B /* FriendAnnotationView.xib */ = {isa = PBXFileReference; fileEncoding = 4; lastKnownFileType = file.xib; path = FriendAnnotationView.xib; sourceTree = "<group>"; };
		D337C1FB15BAA85700729C7F /* FriendAnnotationView.h */ = {isa = PBXFileReference; fileEncoding = 4; lastKnownFileType = sourcecode.c.h; path = FriendAnnotationView.h; sourceTree = "<group>"; };
		D337C1FC15BAA85700729C7F /* FriendAnnotationView.m */ = {isa = PBXFileReference; fileEncoding = 4; lastKnownFileType = sourcecode.c.objc; path = FriendAnnotationView.m; sourceTree = "<group>"; };
		D39EBFB015BC2FBB00CA3DF2 /* FriendListTableViewController.h */ = {isa = PBXFileReference; fileEncoding = 4; lastKnownFileType = sourcecode.c.h; path = FriendListTableViewController.h; sourceTree = "<group>"; };
		D39EBFB115BC2FBB00CA3DF2 /* FriendListTableViewController.m */ = {isa = PBXFileReference; fileEncoding = 4; lastKnownFileType = sourcecode.c.objc; path = FriendListTableViewController.m; sourceTree = "<group>"; };
		D3B3D37915BC0B49001D01F4 /* arrow.png */ = {isa = PBXFileReference; lastKnownFileType = image.png; name = arrow.png; path = images/arrow.png; sourceTree = "<group>"; };
		D3B3D37A15BC0B49001D01F4 /* balloon-frame.png */ = {isa = PBXFileReference; lastKnownFileType = image.png; name = "balloon-frame.png"; path = "images/balloon-frame.png"; sourceTree = "<group>"; };
		D3B3D37B15BC0B49001D01F4 /* balloon-left.png */ = {isa = PBXFileReference; lastKnownFileType = image.png; name = "balloon-left.png"; path = "images/balloon-left.png"; sourceTree = "<group>"; };
		D3B3D37C15BC0B49001D01F4 /* balloon-right.png */ = {isa = PBXFileReference; lastKnownFileType = image.png; name = "balloon-right.png"; path = "images/balloon-right.png"; sourceTree = "<group>"; };
		D3B3D37D15BC0B49001D01F4 /* balloon-stretch.png */ = {isa = PBXFileReference; lastKnownFileType = image.png; name = "balloon-stretch.png"; path = "images/balloon-stretch.png"; sourceTree = "<group>"; };
		D3B3D37E15BC0B49001D01F4 /* bar.png */ = {isa = PBXFileReference; lastKnownFileType = image.png; name = bar.png; path = images/bar.png; sourceTree = "<group>"; };
		D3B3D37F15BC0B49001D01F4 /* beerbuddy.png */ = {isa = PBXFileReference; lastKnownFileType = image.png; name = beerbuddy.png; path = images/beerbuddy.png; sourceTree = "<group>"; };
		D3B3D38015BC0B49001D01F4 /* close_black.png */ = {isa = PBXFileReference; lastKnownFileType = image.png; name = close_black.png; path = images/close_black.png; sourceTree = "<group>"; };
		D3B3D38115BC0B49001D01F4 /* close_black@2x.png */ = {isa = PBXFileReference; lastKnownFileType = image.png; name = "close_black@2x.png"; path = "images/close_black@2x.png"; sourceTree = "<group>"; };
		D3B3D38215BC0B49001D01F4 /* close.png */ = {isa = PBXFileReference; lastKnownFileType = image.png; name = close.png; path = images/close.png; sourceTree = "<group>"; };
		D3B3D38315BC0B49001D01F4 /* close@2x.png */ = {isa = PBXFileReference; lastKnownFileType = image.png; name = "close@2x.png"; path = "images/close@2x.png"; sourceTree = "<group>"; };
		D3B3D38415BC0B49001D01F4 /* gear.png */ = {isa = PBXFileReference; lastKnownFileType = image.png; name = gear.png; path = images/gear.png; sourceTree = "<group>"; };
		D3B3D38515BC0B49001D01F4 /* goinghome.png */ = {isa = PBXFileReference; lastKnownFileType = image.png; name = goinghome.png; path = images/goinghome.png; sourceTree = "<group>"; };
		D3B3D38615BC0B49001D01F4 /* goingout.png */ = {isa = PBXFileReference; lastKnownFileType = image.png; name = goingout.png; path = images/goingout.png; sourceTree = "<group>"; };
		D3B3D38715BC0B49001D01F4 /* grip.png */ = {isa = PBXFileReference; lastKnownFileType = image.png; name = grip.png; path = images/grip.png; sourceTree = "<group>"; };
		D3B3D38815BC0B49001D01F4 /* Icon.png */ = {isa = PBXFileReference; lastKnownFileType = image.png; name = Icon.png; path = images/Icon.png; sourceTree = "<group>"; };
		D3B3D38915BC0B49001D01F4 /* Icon@2x.png */ = {isa = PBXFileReference; lastKnownFileType = image.png; name = "Icon@2x.png"; path = "images/Icon@2x.png"; sourceTree = "<group>"; };
		D3B3D38A15BC0B49001D01F4 /* list.png */ = {isa = PBXFileReference; lastKnownFileType = image.png; name = list.png; path = images/list.png; sourceTree = "<group>"; };
		D3B3D38B15BC0B49001D01F4 /* preferences.png */ = {isa = PBXFileReference; lastKnownFileType = image.png; name = preferences.png; path = images/preferences.png; sourceTree = "<group>"; };
		D3B3D3AF15BC0BAE001D01F4 /* Default@2x.png */ = {isa = PBXFileReference; lastKnownFileType = image.png; path = "Default@2x.png"; sourceTree = "<group>"; };
		D3B3D3B115BC0BB1001D01F4 /* Default.png */ = {isa = PBXFileReference; lastKnownFileType = image.png; path = Default.png; sourceTree = "<group>"; };
		D3C3703F15BAC3E600A0CB27 /* Friend.h */ = {isa = PBXFileReference; fileEncoding = 4; lastKnownFileType = sourcecode.c.h; path = Friend.h; sourceTree = "<group>"; };
		D3C3704015BAC3E600A0CB27 /* Friend.m */ = {isa = PBXFileReference; fileEncoding = 4; lastKnownFileType = sourcecode.c.objc; path = Friend.m; sourceTree = "<group>"; };
		D3C3704B15BACCEC00A0CB27 /* Facebook.h */ = {isa = PBXFileReference; fileEncoding = 4; lastKnownFileType = sourcecode.c.h; path = Facebook.h; sourceTree = "<group>"; };
		D3C3704C15BACCEC00A0CB27 /* FBConnect.h */ = {isa = PBXFileReference; fileEncoding = 4; lastKnownFileType = sourcecode.c.h; path = FBConnect.h; sourceTree = "<group>"; };
		D3C3704D15BACCEC00A0CB27 /* FBDialog.h */ = {isa = PBXFileReference; fileEncoding = 4; lastKnownFileType = sourcecode.c.h; path = FBDialog.h; sourceTree = "<group>"; };
		D3C3704E15BACCEC00A0CB27 /* FBLoginDialog.h */ = {isa = PBXFileReference; fileEncoding = 4; lastKnownFileType = sourcecode.c.h; path = FBLoginDialog.h; sourceTree = "<group>"; };
		D3C3704F15BACCEC00A0CB27 /* FBRequest.h */ = {isa = PBXFileReference; fileEncoding = 4; lastKnownFileType = sourcecode.c.h; path = FBRequest.h; sourceTree = "<group>"; };
		D3C3705015BACCEC00A0CB27 /* JSON.h */ = {isa = PBXFileReference; fileEncoding = 4; lastKnownFileType = sourcecode.c.h; path = JSON.h; sourceTree = "<group>"; };
		D3C3705115BACCEC00A0CB27 /* NSObject+SBJSON.h */ = {isa = PBXFileReference; fileEncoding = 4; lastKnownFileType = sourcecode.c.h; path = "NSObject+SBJSON.h"; sourceTree = "<group>"; };
		D3C3705215BACCEC00A0CB27 /* NSString+SBJSON.h */ = {isa = PBXFileReference; fileEncoding = 4; lastKnownFileType = sourcecode.c.h; path = "NSString+SBJSON.h"; sourceTree = "<group>"; };
		D3C3705315BACCEC00A0CB27 /* SBJSON.h */ = {isa = PBXFileReference; fileEncoding = 4; lastKnownFileType = sourcecode.c.h; path = SBJSON.h; sourceTree = "<group>"; };
		D3C3705415BACCEC00A0CB27 /* SBJsonBase.h */ = {isa = PBXFileReference; fileEncoding = 4; lastKnownFileType = sourcecode.c.h; path = SBJsonBase.h; sourceTree = "<group>"; };
		D3C3705515BACCEC00A0CB27 /* SBJsonParser.h */ = {isa = PBXFileReference; fileEncoding = 4; lastKnownFileType = sourcecode.c.h; path = SBJsonParser.h; sourceTree = "<group>"; };
		D3C3705615BACCEC00A0CB27 /* SBJsonWriter.h */ = {isa = PBXFileReference; fileEncoding = 4; lastKnownFileType = sourcecode.c.h; path = SBJsonWriter.h; sourceTree = "<group>"; };
		D3C3705715BACCEC00A0CB27 /* libfacebook_ios_sdk.a */ = {isa = PBXFileReference; lastKnownFileType = archive.ar; path = libfacebook_ios_sdk.a; sourceTree = "<group>"; };
		D3C3705C15BAE70F00A0CB27 /* JSONKit.h */ = {isa = PBXFileReference; fileEncoding = 4; lastKnownFileType = sourcecode.c.h; path = JSONKit.h; sourceTree = "<group>"; };
		D3C3705D15BAE70F00A0CB27 /* JSONKit.m */ = {isa = PBXFileReference; fileEncoding = 4; lastKnownFileType = sourcecode.c.objc; path = JSONKit.m; sourceTree = "<group>"; };
		D3C3705F15BB0C6300A0CB27 /* Grip.h */ = {isa = PBXFileReference; fileEncoding = 4; lastKnownFileType = sourcecode.c.h; path = Grip.h; sourceTree = "<group>"; };
		D3C3706015BB0C6300A0CB27 /* Grip.m */ = {isa = PBXFileReference; fileEncoding = 4; lastKnownFileType = sourcecode.c.objc; path = Grip.m; sourceTree = "<group>"; };
		D3D2C46C15BC16DC00573A38 /* beerbuddy_0003s_0000_iphone.png */ = {isa = PBXFileReference; lastKnownFileType = image.png; name = beerbuddy_0003s_0000_iphone.png; path = images/beerbuddy_0003s_0000_iphone.png; sourceTree = "<group>"; };
		D3D2C46D15BC16DC00573A38 /* beerbuddy_0003s_0000s_0000_Livello-8.png */ = {isa = PBXFileReference; lastKnownFileType = image.png; name = "beerbuddy_0003s_0000s_0000_Livello-8.png"; path = "images/beerbuddy_0003s_0000s_0000_Livello-8.png"; sourceTree = "<group>"; };
		D3D2C46E15BC16DC00573A38 /* beerbuddy_0003s_0000s_0000s_0000_GOING-HOME_.png */ = {isa = PBXFileReference; lastKnownFileType = image.png; name = "beerbuddy_0003s_0000s_0000s_0000_GOING-HOME_.png"; path = "images/beerbuddy_0003s_0000s_0000s_0000_GOING-HOME_.png"; sourceTree = "<group>"; };
		D3D2C46F15BC16DC00573A38 /* beerbuddy_0003s_0000s_0000s_0001_top.png */ = {isa = PBXFileReference; lastKnownFileType = image.png; name = beerbuddy_0003s_0000s_0000s_0001_top.png; path = images/beerbuddy_0003s_0000s_0000s_0001_top.png; sourceTree = "<group>"; };
		D3D2C47015BC16DC00573A38 /* beerbuddy_0003s_0000s_0000s_0002_bottom.png */ = {isa = PBXFileReference; lastKnownFileType = image.png; name = beerbuddy_0003s_0000s_0000s_0002_bottom.png; path = images/beerbuddy_0003s_0000s_0000s_0002_bottom.png; sourceTree = "<group>"; };
		D3D2C47115BC16DC00573A38 /* beerbuddy_0003s_0000s_0000s_0003_Livello-4.png */ = {isa = PBXFileReference; lastKnownFileType = image.png; name = "beerbuddy_0003s_0000s_0000s_0003_Livello-4.png"; path = "images/beerbuddy_0003s_0000s_0000s_0003_Livello-4.png"; sourceTree = "<group>"; };
		D3D2C47215BC16DC00573A38 /* beerbuddy_0003s_0000s_0001_Rounded-Rectangle-1.png */ = {isa = PBXFileReference; lastKnownFileType = image.png; name = "beerbuddy_0003s_0000s_0001_Rounded-Rectangle-1.png"; path = "images/beerbuddy_0003s_0000s_0001_Rounded-Rectangle-1.png"; sourceTree = "<group>"; };
		D3D2C47315BC16DC00573A38 /* beerbuddy_0003s_0000s_0003_Shape-1.png */ = {isa = PBXFileReference; lastKnownFileType = image.png; name = "beerbuddy_0003s_0000s_0003_Shape-1.png"; path = "images/beerbuddy_0003s_0000s_0003_Shape-1.png"; sourceTree = "<group>"; };
		D3D2C47415BC16DC00573A38 /* beerbuddy_0003s_0001_Layer-3.png */ = {isa = PBXFileReference; lastKnownFileType = image.png; name = "beerbuddy_0003s_0001_Layer-3.png"; path = "images/beerbuddy_0003s_0001_Layer-3.png"; sourceTree = "<group>"; };
		D3D2C47515BC16DC00573A38 /* beerbuddy_0003s_0001s_0001_Wybren-van-der-Zee.png */ = {isa = PBXFileReference; lastKnownFileType = image.png; name = "beerbuddy_0003s_0001s_0001_Wybren-van-der-Zee.png"; path = "images/beerbuddy_0003s_0001s_0001_Wybren-van-der-Zee.png"; sourceTree = "<group>"; };
		D3D2C47615BC16DC00573A38 /* beerbuddy_0003s_0001s_0002_Layer-3-copy.png */ = {isa = PBXFileReference; lastKnownFileType = image.png; name = "beerbuddy_0003s_0001s_0002_Layer-3-copy.png"; path = "images/beerbuddy_0003s_0001s_0002_Layer-3-copy.png"; sourceTree = "<group>"; };
		D3D2C47715BC16DC00573A38 /* beerbuddy_0003s_0001s_0003_background.png */ = {isa = PBXFileReference; lastKnownFileType = image.png; name = beerbuddy_0003s_0001s_0003_background.png; path = images/beerbuddy_0003s_0001s_0003_background.png; sourceTree = "<group>"; };
		D3D2C47815BC16DC00573A38 /* beerbuddy_0003s_0002_Livello-6.png */ = {isa = PBXFileReference; lastKnownFileType = image.png; name = "beerbuddy_0003s_0002_Livello-6.png"; path = "images/beerbuddy_0003s_0002_Livello-6.png"; sourceTree = "<group>"; };
		D3D2C47915BC16DC00573A38 /* beerbuddy_0003s_0002s_0000_Layer-4.png */ = {isa = PBXFileReference; lastKnownFileType = image.png; name = "beerbuddy_0003s_0002s_0000_Layer-4.png"; path = "images/beerbuddy_0003s_0002s_0000_Layer-4.png"; sourceTree = "<group>"; };
		D3D2C47A15BC16DC00573A38 /* beerbuddy_0003s_0002s_0001_background-copy-2.png */ = {isa = PBXFileReference; lastKnownFileType = image.png; name = "beerbuddy_0003s_0002s_0001_background-copy-2.png"; path = "images/beerbuddy_0003s_0002s_0001_background-copy-2.png"; sourceTree = "<group>"; };
		D3D2C47B15BC16DC00573A38 /* beerbuddy_0004s_0000_iphone.png */ = {isa = PBXFileReference; lastKnownFileType = image.png; name = beerbuddy_0004s_0000_iphone.png; path = images/beerbuddy_0004s_0000_iphone.png; sourceTree = "<group>"; };
		D3D2C47C15BC16DC00573A38 /* beerbuddy_0004s_0000s_0000_slide.png */ = {isa = PBXFileReference; lastKnownFileType = image.png; name = beerbuddy_0004s_0000s_0000_slide.png; path = images/beerbuddy_0004s_0000s_0000_slide.png; sourceTree = "<group>"; };
		D3D2C47E15BC16DC00573A38 /* beerbuddy_0004s_0000s_0000s_0001_top.png */ = {isa = PBXFileReference; lastKnownFileType = image.png; name = beerbuddy_0004s_0000s_0000s_0001_top.png; path = images/beerbuddy_0004s_0000s_0000s_0001_top.png; sourceTree = "<group>"; };
		D3D2C47F15BC16DC00573A38 /* beerbuddy_0004s_0000s_0000s_0002_bottom.png */ = {isa = PBXFileReference; lastKnownFileType = image.png; name = beerbuddy_0004s_0000s_0000s_0002_bottom.png; path = images/beerbuddy_0004s_0000s_0000s_0002_bottom.png; sourceTree = "<group>"; };
		D3D2C48015BC16DC00573A38 /* beerbuddy_0004s_0000s_0000s_0003_Livello-4.png */ = {isa = PBXFileReference; lastKnownFileType = image.png; name = "beerbuddy_0004s_0000s_0000s_0003_Livello-4.png"; path = "images/beerbuddy_0004s_0000s_0000s_0003_Livello-4.png"; sourceTree = "<group>"; };
		D3D2C48115BC16DC00573A38 /* beerbuddy_0004s_0000s_0001_Livello-5.png */ = {isa = PBXFileReference; lastKnownFileType = image.png; name = "beerbuddy_0004s_0000s_0001_Livello-5.png"; path = "images/beerbuddy_0004s_0000s_0001_Livello-5.png"; sourceTree = "<group>"; };
		D3D2C48215BC16DC00573A38 /* beerbuddy_0004s_0000s_0002_Shape-1.png */ = {isa = PBXFileReference; lastKnownFileType = image.png; name = "beerbuddy_0004s_0000s_0002_Shape-1.png"; path = "images/beerbuddy_0004s_0000s_0002_Shape-1.png"; sourceTree = "<group>"; };
		D3D2C48315BC16DC00573A38 /* beerbuddy_0004s_0000s_0003_BeerBuddies-copy.png */ = {isa = PBXFileReference; lastKnownFileType = image.png; name = "beerbuddy_0004s_0000s_0003_BeerBuddies-copy.png"; path = "images/beerbuddy_0004s_0000s_0003_BeerBuddies-copy.png"; sourceTree = "<group>"; };
		D3D2C48415BC16DC00573A38 /* beerbuddy_0004s_0000s_0004_Rectangle-2-copy-6.png */ = {isa = PBXFileReference; lastKnownFileType = image.png; name = "beerbuddy_0004s_0000s_0004_Rectangle-2-copy-6.png"; path = "images/beerbuddy_0004s_0000s_0004_Rectangle-2-copy-6.png"; sourceTree = "<group>"; };
		D3D2C48515BC16DC00573A38 /* beerbuddy_0004s_0002_Rectangle-2-copy-5.png */ = {isa = PBXFileReference; lastKnownFileType = image.png; name = "beerbuddy_0004s_0002_Rectangle-2-copy-5.png"; path = "images/beerbuddy_0004s_0002_Rectangle-2-copy-5.png"; sourceTree = "<group>"; };
		D3D2C48615BC16DC00573A38 /* beerbuddy_0005s_0000_Login-with-facebook.png */ = {isa = PBXFileReference; lastKnownFileType = image.png; name = "beerbuddy_0005s_0000_Login-with-facebook.png"; path = "images/beerbuddy_0005s_0000_Login-with-facebook.png"; sourceTree = "<group>"; };
		D3D2C48715BC16DC00573A38 /* beerbuddy_0005s_0001_BeerBuddies.png */ = {isa = PBXFileReference; lastKnownFileType = image.png; name = beerbuddy_0005s_0001_BeerBuddies.png; path = images/beerbuddy_0005s_0001_BeerBuddies.png; sourceTree = "<group>"; };
		D3D2C48815BC16DC00573A38 /* beerbuddy_0005s_0002_submit-button-copy-25.png */ = {isa = PBXFileReference; lastKnownFileType = image.png; name = "beerbuddy_0005s_0002_submit-button-copy-25.png"; path = "images/beerbuddy_0005s_0002_submit-button-copy-25.png"; sourceTree = "<group>"; };
		D3D2C48915BC16DC00573A38 /* beerbuddy_0005s_0003_iphone.png */ = {isa = PBXFileReference; lastKnownFileType = image.png; name = beerbuddy_0005s_0003_iphone.png; path = images/beerbuddy_0005s_0003_iphone.png; sourceTree = "<group>"; };
		D3D2C48A15BC16DC00573A38 /* beerbuddy_0005s_0004_We-let-you-share-your-location-with-your---facebook-friends,-bu.png */ = {isa = PBXFileReference; lastKnownFileType = image.png; name = "beerbuddy_0005s_0004_We-let-you-share-your-location-with-your---facebook-friends,-bu.png"; path = "images/beerbuddy_0005s_0004_We-let-you-share-your-location-with-your---facebook-friends,-bu.png"; sourceTree = "<group>"; };
		D3D2C48C15BC16DC00573A38 /* beerbuddy_0005s_0008_Rectangle-2-copy-3.png */ = {isa = PBXFileReference; lastKnownFileType = image.png; name = "beerbuddy_0005s_0008_Rectangle-2-copy-3.png"; path = "images/beerbuddy_0005s_0008_Rectangle-2-copy-3.png"; sourceTree = "<group>"; };
		D3D2C48D15BC16DC00573A38 /* beerbuddy_0005s_0009_Rectangle-2.png */ = {isa = PBXFileReference; lastKnownFileType = image.png; name = "beerbuddy_0005s_0009_Rectangle-2.png"; path = "images/beerbuddy_0005s_0009_Rectangle-2.png"; sourceTree = "<group>"; };
		D3D2C48E15BC16DC00573A38 /* beerbuddy_0005s_0010_Rectangle-1.png */ = {isa = PBXFileReference; lastKnownFileType = image.png; name = "beerbuddy_0005s_0010_Rectangle-1.png"; path = "images/beerbuddy_0005s_0010_Rectangle-1.png"; sourceTree = "<group>"; };
		D3D2C48F15BC16DC00573A38 /* beerbuddy_0006s_0001_BeerBuddies.png */ = {isa = PBXFileReference; lastKnownFileType = image.png; name = beerbuddy_0006s_0001_BeerBuddies.png; path = images/beerbuddy_0006s_0001_BeerBuddies.png; sourceTree = "<group>"; };
		D3D2C49015BC16DC00573A38 /* beerbuddy_0006s_0003_iphone.png */ = {isa = PBXFileReference; lastKnownFileType = image.png; name = beerbuddy_0006s_0003_iphone.png; path = images/beerbuddy_0006s_0003_iphone.png; sourceTree = "<group>"; };
		D3D2C49115BC16DC00573A38 /* beerbuddy_0006s_0008_Rectangle-2-copy-3.png */ = {isa = PBXFileReference; lastKnownFileType = image.png; name = "beerbuddy_0006s_0008_Rectangle-2-copy-3.png"; path = "images/beerbuddy_0006s_0008_Rectangle-2-copy-3.png"; sourceTree = "<group>"; };
		D3D2C49215BC16DC00573A38 /* beerbuddy_0006s_0009_Rectangle-2.png */ = {isa = PBXFileReference; lastKnownFileType = image.png; name = "beerbuddy_0006s_0009_Rectangle-2.png"; path = "images/beerbuddy_0006s_0009_Rectangle-2.png"; sourceTree = "<group>"; };
		D3D2C49315BC16DC00573A38 /* beerbuddy_0006s_0010_Rectangle-1.png */ = {isa = PBXFileReference; lastKnownFileType = image.png; name = "beerbuddy_0006s_0010_Rectangle-1.png"; path = "images/beerbuddy_0006s_0010_Rectangle-1.png"; sourceTree = "<group>"; };
		D3D2C49415BC16DC00573A38 /* going-home_0003s_0000s_0000s_0000_GOING-HOME_.png */ = {isa = PBXFileReference; lastKnownFileType = image.png; name = "going-home_0003s_0000s_0000s_0000_GOING-HOME_.png"; path = "images/going-home_0003s_0000s_0000s_0000_GOING-HOME_.png"; sourceTree = "<group>"; };
		D3D2C49515BC16DC00573A38 /* stukjetext_0005s_0004_We-let-you-share-your-location-with-your---facebook-friends,-bu.png */ = {isa = PBXFileReference; lastKnownFileType = image.png; name = "stukjetext_0005s_0004_We-let-you-share-your-location-with-your---facebook-friends,-bu.png"; path = "images/stukjetext_0005s_0004_We-let-you-share-your-location-with-your---facebook-friends,-bu.png"; sourceTree = "<group>"; };
		D3D2C4C715BC198A00573A38 /* beerbuddy_0000s_0000_iphone.png */ = {isa = PBXFileReference; lastKnownFileType = image.png; name = beerbuddy_0000s_0000_iphone.png; path = images/beerbuddy_0000s_0000_iphone.png; sourceTree = "<group>"; };
		D3D2C4C815BC198A00573A38 /* beerbuddy_0000s_0001s_0000s_0000__Path_.png */ = {isa = PBXFileReference; lastKnownFileType = image.png; name = beerbuddy_0000s_0001s_0000s_0000__Path_.png; path = images/beerbuddy_0000s_0001s_0000s_0000__Path_.png; sourceTree = "<group>"; };
		D3D2C4C915BC198A00573A38 /* beerbuddy_0000s_0001s_0000s_0001__Path_.png */ = {isa = PBXFileReference; lastKnownFileType = image.png; name = beerbuddy_0000s_0001s_0000s_0001__Path_.png; path = images/beerbuddy_0000s_0001s_0000s_0001__Path_.png; sourceTree = "<group>"; };
		D3D2C4CA15BC198A00573A38 /* beerbuddy_0000s_0001s_0001s_0000__Path_.png */ = {isa = PBXFileReference; lastKnownFileType = image.png; name = beerbuddy_0000s_0001s_0001s_0000__Path_.png; path = images/beerbuddy_0000s_0001s_0001s_0000__Path_.png; sourceTree = "<group>"; };
		D3D2C4CB15BC198A00573A38 /* beerbuddy_0000s_0001s_0001s_0001__Path_.png */ = {isa = PBXFileReference; lastKnownFileType = image.png; name = beerbuddy_0000s_0001s_0001s_0001__Path_.png; path = images/beerbuddy_0000s_0001s_0001s_0001__Path_.png; sourceTree = "<group>"; };
		D3D2C4CC15BC198A00573A38 /* beerbuddy_0000s_0001s_0002s_0000s_0000__Path_.png */ = {isa = PBXFileReference; lastKnownFileType = image.png; name = beerbuddy_0000s_0001s_0002s_0000s_0000__Path_.png; path = images/beerbuddy_0000s_0001s_0002s_0000s_0000__Path_.png; sourceTree = "<group>"; };
		D3D2C4CD15BC198A00573A38 /* beerbuddy_0000s_0001s_0002s_0000s_0001__Path_.png */ = {isa = PBXFileReference; lastKnownFileType = image.png; name = beerbuddy_0000s_0001s_0002s_0000s_0001__Path_.png; path = images/beerbuddy_0000s_0001s_0002s_0000s_0001__Path_.png; sourceTree = "<group>"; };
		D3D2C4CE15BC198A00573A38 /* beerbuddy_0000s_0001s_0002s_0001s_0000__Path_.png */ = {isa = PBXFileReference; lastKnownFileType = image.png; name = beerbuddy_0000s_0001s_0002s_0001s_0000__Path_.png; path = images/beerbuddy_0000s_0001s_0002s_0001s_0000__Path_.png; sourceTree = "<group>"; };
		D3D2C4CF15BC198A00573A38 /* beerbuddy_0000s_0001s_0002s_0001s_0001__Path_.png */ = {isa = PBXFileReference; lastKnownFileType = image.png; name = beerbuddy_0000s_0001s_0002s_0001s_0001__Path_.png; path = images/beerbuddy_0000s_0001s_0002s_0001s_0001__Path_.png; sourceTree = "<group>"; };
		D3D2C4D015BC198A00573A38 /* beerbuddy_0000s_0002_ARROW-RIGHT.png */ = {isa = PBXFileReference; lastKnownFileType = image.png; name = "beerbuddy_0000s_0002_ARROW-RIGHT.png"; path = "images/beerbuddy_0000s_0002_ARROW-RIGHT.png"; sourceTree = "<group>"; };
		D3D2C4D115BC198A00573A38 /* beerbuddy_0000s_0003_swipe.png */ = {isa = PBXFileReference; lastKnownFileType = image.png; name = beerbuddy_0000s_0003_swipe.png; path = images/beerbuddy_0000s_0003_swipe.png; sourceTree = "<group>"; };
		D3D2C4D315BC198A00573A38 /* beerbuddy_0000s_0005_Wybren-van-der-Zee.png */ = {isa = PBXFileReference; lastKnownFileType = image.png; name = "beerbuddy_0000s_0005_Wybren-van-der-Zee.png"; path = "images/beerbuddy_0000s_0005_Wybren-van-der-Zee.png"; sourceTree = "<group>"; };
		D3D2C4D415BC198B00573A38 /* beerbuddy_0000s_0007_Layer-3-copy.png */ = {isa = PBXFileReference; lastKnownFileType = image.png; name = "beerbuddy_0000s_0007_Layer-3-copy.png"; path = "images/beerbuddy_0000s_0007_Layer-3-copy.png"; sourceTree = "<group>"; };
		D3D2C4D515BC198B00573A38 /* beerbuddy_0000s_0008_Layer-2.png */ = {isa = PBXFileReference; lastKnownFileType = image.png; name = "beerbuddy_0000s_0008_Layer-2.png"; path = "images/beerbuddy_0000s_0008_Layer-2.png"; sourceTree = "<group>"; };
		D3D2C4D615BC198B00573A38 /* beerbuddy_0000s_0009_background-copy-2.png */ = {isa = PBXFileReference; lastKnownFileType = image.png; name = "beerbuddy_0000s_0009_background-copy-2.png"; path = "images/beerbuddy_0000s_0009_background-copy-2.png"; sourceTree = "<group>"; };
		D3D2C4D715BC198B00573A38 /* beerbuddy_0000s_0010_background.png */ = {isa = PBXFileReference; lastKnownFileType = image.png; name = beerbuddy_0000s_0010_background.png; path = images/beerbuddy_0000s_0010_background.png; sourceTree = "<group>"; };
		D3D2C4D815BC198B00573A38 /* beerbuddy_0000s_0013_Shape-1.png */ = {isa = PBXFileReference; lastKnownFileType = image.png; name = "beerbuddy_0000s_0013_Shape-1.png"; path = "images/beerbuddy_0000s_0013_Shape-1.png"; sourceTree = "<group>"; };
		D3D2C4D915BC198B00573A38 /* beerbuddy_0000s_0015_Layer-1.png */ = {isa = PBXFileReference; lastKnownFileType = image.png; name = "beerbuddy_0000s_0015_Layer-1.png"; path = "images/beerbuddy_0000s_0015_Layer-1.png"; sourceTree = "<group>"; };
		D3D2C4DA15BC198B00573A38 /* beerbuddy_0001s_0000_iphone.png */ = {isa = PBXFileReference; lastKnownFileType = image.png; name = beerbuddy_0001s_0000_iphone.png; path = images/beerbuddy_0001s_0000_iphone.png; sourceTree = "<group>"; };
		D3D2C4DB15BC198B00573A38 /* beerbuddy_0001s_0001_Settings.png */ = {isa = PBXFileReference; lastKnownFileType = image.png; name = beerbuddy_0001s_0001_Settings.png; path = images/beerbuddy_0001s_0001_Settings.png; sourceTree = "<group>"; };
		D3D2C4DC15BC198B00573A38 /* beerbuddy_0001s_0002_Rounded-Rectangle-1.png */ = {isa = PBXFileReference; lastKnownFileType = image.png; name = "beerbuddy_0001s_0002_Rounded-Rectangle-1.png"; path = "images/beerbuddy_0001s_0002_Rounded-Rectangle-1.png"; sourceTree = "<group>"; };
		D3D2C4DD15BC198B00573A38 /* beerbuddy_0001s_0003_handle-copy-2.png */ = {isa = PBXFileReference; lastKnownFileType = image.png; name = "beerbuddy_0001s_0003_handle-copy-2.png"; path = "images/beerbuddy_0001s_0003_handle-copy-2.png"; sourceTree = "<group>"; };
		D3D2C4DE15BC198B00573A38 /* beerbuddy_0001s_0004_handle-copy.png */ = {isa = PBXFileReference; lastKnownFileType = image.png; name = "beerbuddy_0001s_0004_handle-copy.png"; path = "images/beerbuddy_0001s_0004_handle-copy.png"; sourceTree = "<group>"; };
		D3D2C4DF15BC198B00573A38 /* beerbuddy_0001s_0005_Shape-7-copy-5.png */ = {isa = PBXFileReference; lastKnownFileType = image.png; name = "beerbuddy_0001s_0005_Shape-7-copy-5.png"; path = "images/beerbuddy_0001s_0005_Shape-7-copy-5.png"; sourceTree = "<group>"; };
		D3D2C4E015BC198B00573A38 /* beerbuddy_0001s_0006_Shape-1.png */ = {isa = PBXFileReference; lastKnownFileType = image.png; name = "beerbuddy_0001s_0006_Shape-1.png"; path = "images/beerbuddy_0001s_0006_Shape-1.png"; sourceTree = "<group>"; };
		D3D2C4E115BC198B00573A38 /* beerbuddy_0001s_0007_Rectangle-1.png */ = {isa = PBXFileReference; lastKnownFileType = image.png; name = "beerbuddy_0001s_0007_Rectangle-1.png"; path = "images/beerbuddy_0001s_0007_Rectangle-1.png"; sourceTree = "<group>"; };
		D3D2C4E215BC198B00573A38 /* beerbuddy_0001s_0008_Also-show-friends-of-friends.png */ = {isa = PBXFileReference; lastKnownFileType = image.png; name = "beerbuddy_0001s_0008_Also-show-friends-of-friends.png"; path = "images/beerbuddy_0001s_0008_Also-show-friends-of-friends.png"; sourceTree = "<group>"; };
		D3D2C4E315BC198B00573A38 /* beerbuddy_0001s_0009_Love_hate-our-application_-Tell-us.png */ = {isa = PBXFileReference; lastKnownFileType = image.png; name = "beerbuddy_0001s_0009_Love_hate-our-application_-Tell-us.png"; path = "images/beerbuddy_0001s_0009_Love_hate-our-application_-Tell-us.png"; sourceTree = "<group>"; };
		D3D2C4E415BC198C00573A38 /* beerbuddy_0001s_0010_Shape-39-copy-2.png */ = {isa = PBXFileReference; lastKnownFileType = image.png; name = "beerbuddy_0001s_0010_Shape-39-copy-2.png"; path = "images/beerbuddy_0001s_0010_Shape-39-copy-2.png"; sourceTree = "<group>"; };
		D3D2C4E515BC198C00573A38 /* beerbuddy_0001s_0011_Shape-39-copy-3.png */ = {isa = PBXFileReference; lastKnownFileType = image.png; name = "beerbuddy_0001s_0011_Shape-39-copy-3.png"; path = "images/beerbuddy_0001s_0011_Shape-39-copy-3.png"; sourceTree = "<group>"; };
		D3D2C4E615BC198C00573A38 /* beerbuddy_0001s_0012_Rectangle-2-copy.png */ = {isa = PBXFileReference; lastKnownFileType = image.png; name = "beerbuddy_0001s_0012_Rectangle-2-copy.png"; path = "images/beerbuddy_0001s_0012_Rectangle-2-copy.png"; sourceTree = "<group>"; };
		D3D2C4E715BC198C00573A38 /* beerbuddy_0001s_0013_Invite-friends-to-use-the-Going-Out-app!.png */ = {isa = PBXFileReference; lastKnownFileType = image.png; name = "beerbuddy_0001s_0013_Invite-friends-to-use-the-Going-Out-app!.png"; path = "images/beerbuddy_0001s_0013_Invite-friends-to-use-the-Going-Out-app!.png"; sourceTree = "<group>"; };
		D3D2C4E815BC198C00573A38 /* beerbuddy_0001s_0014_Rectangle-2-copy-4.png */ = {isa = PBXFileReference; lastKnownFileType = image.png; name = "beerbuddy_0001s_0014_Rectangle-2-copy-4.png"; path = "images/beerbuddy_0001s_0014_Rectangle-2-copy-4.png"; sourceTree = "<group>"; };
		D3D2C4E915BC198C00573A38 /* beerbuddy_0001s_0015_Rectangle-2-copy-2.png */ = {isa = PBXFileReference; lastKnownFileType = image.png; name = "beerbuddy_0001s_0015_Rectangle-2-copy-2.png"; path = "images/beerbuddy_0001s_0015_Rectangle-2-copy-2.png"; sourceTree = "<group>"; };
		D3D2C4EA15BC198C00573A38 /* beerbuddy_0001s_0016_Rectangle-2.png */ = {isa = PBXFileReference; lastKnownFileType = image.png; name = "beerbuddy_0001s_0016_Rectangle-2.png"; path = "images/beerbuddy_0001s_0016_Rectangle-2.png"; sourceTree = "<group>"; };
		D3D2C4EB15BC198C00573A38 /* beerbuddy_0001s_0017_Buzz-me-when-someone-is-nearby.png */ = {isa = PBXFileReference; lastKnownFileType = image.png; name = "beerbuddy_0001s_0017_Buzz-me-when-someone-is-nearby.png"; path = "images/beerbuddy_0001s_0017_Buzz-me-when-someone-is-nearby.png"; sourceTree = "<group>"; };
		D3D2C4EC15BC198C00573A38 /* beerbuddy_0001s_0019_Rectangle-2.png */ = {isa = PBXFileReference; lastKnownFileType = image.png; name = "beerbuddy_0001s_0019_Rectangle-2.png"; path = "images/beerbuddy_0001s_0019_Rectangle-2.png"; sourceTree = "<group>"; };
		D3D2C4ED15BC198C00573A38 /* beerbuddy_0002s_0000_iphone.png */ = {isa = PBXFileReference; lastKnownFileType = image.png; name = beerbuddy_0002s_0000_iphone.png; path = images/beerbuddy_0002s_0000_iphone.png; sourceTree = "<group>"; };
		D3D2C4EE15BC198C00573A38 /* beerbuddy_0002s_0001_Going-out...png */ = {isa = PBXFileReference; lastKnownFileType = image.png; name = "beerbuddy_0002s_0001_Going-out...png"; path = "images/beerbuddy_0002s_0001_Going-out...png"; sourceTree = "<group>"; };
		D3D2C4EF15BC198C00573A38 /* beerbuddy_0002s_0003_Rounded-Rectangle-1.png */ = {isa = PBXFileReference; lastKnownFileType = image.png; name = "beerbuddy_0002s_0003_Rounded-Rectangle-1.png"; path = "images/beerbuddy_0002s_0003_Rounded-Rectangle-1.png"; sourceTree = "<group>"; };
		D3D2C4F015BC198C00573A38 /* beerbuddy_0002s_0004_Shape-7-copy-5.png */ = {isa = PBXFileReference; lastKnownFileType = image.png; name = "beerbuddy_0002s_0004_Shape-7-copy-5.png"; path = "images/beerbuddy_0002s_0004_Shape-7-copy-5.png"; sourceTree = "<group>"; };
		D3D2C4F115BC198C00573A38 /* beerbuddy_0002s_0006_This-way-your-friends-can-see-you-on-their-map-and-vice-versa.-.png */ = {isa = PBXFileReference; lastKnownFileType = image.png; name = "beerbuddy_0002s_0006_This-way-your-friends-can-see-you-on-their-map-and-vice-versa.-.png"; path = "images/beerbuddy_0002s_0006_This-way-your-friends-can-see-you-on-their-map-and-vice-versa.-.png"; sourceTree = "<group>"; };
		D3D2C4F215BC198C00573A38 /* beerbuddy_0002s_0007_handle.png */ = {isa = PBXFileReference; lastKnownFileType = image.png; name = beerbuddy_0002s_0007_handle.png; path = images/beerbuddy_0002s_0007_handle.png; sourceTree = "<group>"; };
		D3D2C4F315BC198C00573A38 /* beerbuddy_0002s_0008_ON.png */ = {isa = PBXFileReference; lastKnownFileType = image.png; name = beerbuddy_0002s_0008_ON.png; path = images/beerbuddy_0002s_0008_ON.png; sourceTree = "<group>"; };
		D3D2C4F415BC198C00573A38 /* beerbuddy_0002s_0009_gloss.png */ = {isa = PBXFileReference; lastKnownFileType = image.png; name = beerbuddy_0002s_0009_gloss.png; path = images/beerbuddy_0002s_0009_gloss.png; sourceTree = "<group>"; };
		D3D2C4F515BC198C00573A38 /* beerbuddy_0002s_0010_background.png */ = {isa = PBXFileReference; lastKnownFileType = image.png; name = beerbuddy_0002s_0010_background.png; path = images/beerbuddy_0002s_0010_background.png; sourceTree = "<group>"; };
		D3D2C4F715BC198C00573A38 /* beerbuddy_0002s_0012_Shape-1.png */ = {isa = PBXFileReference; lastKnownFileType = image.png; name = "beerbuddy_0002s_0012_Shape-1.png"; path = "images/beerbuddy_0002s_0012_Shape-1.png"; sourceTree = "<group>"; };
		D3D2C4F815BC198C00573A38 /* beerbuddy_0002s_0013_Rectangle-1.png */ = {isa = PBXFileReference; lastKnownFileType = image.png; name = "beerbuddy_0002s_0013_Rectangle-1.png"; path = "images/beerbuddy_0002s_0013_Rectangle-1.png"; sourceTree = "<group>"; };
		D3D2C4F915BC198C00573A38 /* beerbuddy_0002s_0015_Rectangle-2.png */ = {isa = PBXFileReference; lastKnownFileType = image.png; name = "beerbuddy_0002s_0015_Rectangle-2.png"; path = "images/beerbuddy_0002s_0015_Rectangle-2.png"; sourceTree = "<group>"; };
		D3D2C4FA15BC198D00573A38 /* beerbuddy_0002s_0019_Rectangle-2.png */ = {isa = PBXFileReference; lastKnownFileType = image.png; name = "beerbuddy_0002s_0019_Rectangle-2.png"; path = "images/beerbuddy_0002s_0019_Rectangle-2.png"; sourceTree = "<group>"; };
		D3D2C4FB15BC198D00573A38 /* beerbuddy_0003s_0000_Login-with-facebook.png */ = {isa = PBXFileReference; lastKnownFileType = image.png; name = "beerbuddy_0003s_0000_Login-with-facebook.png"; path = "images/beerbuddy_0003s_0000_Login-with-facebook.png"; sourceTree = "<group>"; };
		D3D2C4FC15BC198D00573A38 /* beerbuddy_0003s_0001_submit-button-copy-25.png */ = {isa = PBXFileReference; lastKnownFileType = image.png; name = "beerbuddy_0003s_0001_submit-button-copy-25.png"; path = "images/beerbuddy_0003s_0001_submit-button-copy-25.png"; sourceTree = "<group>"; };
		D3D2C4FD15BC198D00573A38 /* beerbuddy_0003s_0002_iphone.png */ = {isa = PBXFileReference; lastKnownFileType = image.png; name = beerbuddy_0003s_0002_iphone.png; path = images/beerbuddy_0003s_0002_iphone.png; sourceTree = "<group>"; };
		D3D2C4FE15BC198D00573A38 /* beerbuddy_0003s_0003_We-let-you-share-your-location-with-your---facebook-friends,-bu.png */ = {isa = PBXFileReference; lastKnownFileType = image.png; name = "beerbuddy_0003s_0003_We-let-you-share-your-location-with-your---facebook-friends,-bu.png"; path = "images/beerbuddy_0003s_0003_We-let-you-share-your-location-with-your---facebook-friends,-bu.png"; sourceTree = "<group>"; };
		D3D2C50015BC198D00573A38 /* beerbuddy_0003s_0005_Going-out...png */ = {isa = PBXFileReference; lastKnownFileType = image.png; name = "beerbuddy_0003s_0005_Going-out...png"; path = "images/beerbuddy_0003s_0005_Going-out...png"; sourceTree = "<group>"; };
		D3D2C50115BC198D00573A38 /* beerbuddy_0003s_0006_Shape-1.png */ = {isa = PBXFileReference; lastKnownFileType = image.png; name = "beerbuddy_0003s_0006_Shape-1.png"; path = "images/beerbuddy_0003s_0006_Shape-1.png"; sourceTree = "<group>"; };
		D3D2C50215BC198D00573A38 /* beerbuddy_0003s_0007_Rectangle-1-copy.png */ = {isa = PBXFileReference; lastKnownFileType = image.png; name = "beerbuddy_0003s_0007_Rectangle-1-copy.png"; path = "images/beerbuddy_0003s_0007_Rectangle-1-copy.png"; sourceTree = "<group>"; };
		D3D2C50315BC198D00573A38 /* beerbuddy_0003s_0008_Rectangle-2-copy-3.png */ = {isa = PBXFileReference; lastKnownFileType = image.png; name = "beerbuddy_0003s_0008_Rectangle-2-copy-3.png"; path = "images/beerbuddy_0003s_0008_Rectangle-2-copy-3.png"; sourceTree = "<group>"; };
		D3D2C50415BC198D00573A38 /* beerbuddy_0003s_0009_Rectangle-2.png */ = {isa = PBXFileReference; lastKnownFileType = image.png; name = "beerbuddy_0003s_0009_Rectangle-2.png"; path = "images/beerbuddy_0003s_0009_Rectangle-2.png"; sourceTree = "<group>"; };
		D3D2C50515BC198D00573A38 /* beerbuddy_0003s_0010_Rectangle-1.png */ = {isa = PBXFileReference; lastKnownFileType = image.png; name = "beerbuddy_0003s_0010_Rectangle-1.png"; path = "images/beerbuddy_0003s_0010_Rectangle-1.png"; sourceTree = "<group>"; };
		D3D2C50615BC198D00573A38 /* beerbuddybuttonlogin.png */ = {isa = PBXFileReference; lastKnownFileType = image.png; name = beerbuddybuttonlogin.png; path = images/beerbuddybuttonlogin.png; sourceTree = "<group>"; };
		D3D2C50715BC198D00573A38 /* bluebutton@2x copy.png */ = {isa = PBXFileReference; lastKnownFileType = image.png; name = "bluebutton@2x copy.png"; path = "images/bluebutton@2x copy.png"; sourceTree = "<group>"; };
		D3D2C50815BC198D00573A38 /* bluebutton@2x.png */ = {isa = PBXFileReference; lastKnownFileType = image.png; name = "bluebutton@2x.png"; path = "images/bluebutton@2x.png"; sourceTree = "<group>"; };
		D3D2C54B15BC1D4400573A38 /* FacebookLoginViewController.h */ = {isa = PBXFileReference; fileEncoding = 4; lastKnownFileType = sourcecode.c.h; path = FacebookLoginViewController.h; sourceTree = "<group>"; };
		D3D2C54C15BC1D4400573A38 /* FacebookLoginViewController.m */ = {isa = PBXFileReference; fileEncoding = 4; lastKnownFileType = sourcecode.c.objc; path = FacebookLoginViewController.m; sourceTree = "<group>"; };
		D3E4655D15BA9CBA000D0BB3 /* Beer Buddy.app */ = {isa = PBXFileReference; explicitFileType = wrapper.application; includeInIndex = 0; path = "Beer Buddy.app"; sourceTree = BUILT_PRODUCTS_DIR; };
		D3E4656115BA9CBA000D0BB3 /* UIKit.framework */ = {isa = PBXFileReference; lastKnownFileType = wrapper.framework; name = UIKit.framework; path = System/Library/Frameworks/UIKit.framework; sourceTree = SDKROOT; };
		D3E4656315BA9CBA000D0BB3 /* Foundation.framework */ = {isa = PBXFileReference; lastKnownFileType = wrapper.framework; name = Foundation.framework; path = System/Library/Frameworks/Foundation.framework; sourceTree = SDKROOT; };
		D3E4656515BA9CBA000D0BB3 /* CoreGraphics.framework */ = {isa = PBXFileReference; lastKnownFileType = wrapper.framework; name = CoreGraphics.framework; path = System/Library/Frameworks/CoreGraphics.framework; sourceTree = SDKROOT; };
		D3E4656915BA9CBA000D0BB3 /* Beer Buddy-Info.plist */ = {isa = PBXFileReference; lastKnownFileType = text.plist.xml; path = "Beer Buddy-Info.plist"; sourceTree = "<group>"; };
		D3E4656B15BA9CBA000D0BB3 /* en */ = {isa = PBXFileReference; lastKnownFileType = text.plist.strings; name = en; path = en.lproj/InfoPlist.strings; sourceTree = "<group>"; };
		D3E4656D15BA9CBA000D0BB3 /* main.m */ = {isa = PBXFileReference; lastKnownFileType = sourcecode.c.objc; path = main.m; sourceTree = "<group>"; };
		D3E4656F15BA9CBA000D0BB3 /* Beer Buddy-Prefix.pch */ = {isa = PBXFileReference; lastKnownFileType = sourcecode.c.h; path = "Beer Buddy-Prefix.pch"; sourceTree = "<group>"; };
		D3E4657015BA9CBA000D0BB3 /* AppDelegate.h */ = {isa = PBXFileReference; lastKnownFileType = sourcecode.c.h; path = AppDelegate.h; sourceTree = "<group>"; };
		D3E4657115BA9CBA000D0BB3 /* AppDelegate.m */ = {isa = PBXFileReference; lastKnownFileType = sourcecode.c.objc; path = AppDelegate.m; sourceTree = "<group>"; };
		D3E4657615BA9CBA000D0BB3 /* ViewController.h */ = {isa = PBXFileReference; lastKnownFileType = sourcecode.c.h; path = ViewController.h; sourceTree = "<group>"; };
		D3E4657715BA9CBA000D0BB3 /* ViewController.m */ = {isa = PBXFileReference; lastKnownFileType = sourcecode.c.objc; path = ViewController.m; sourceTree = "<group>"; };
		D3E4658315BA9E40000D0BB3 /* MapKit.framework */ = {isa = PBXFileReference; lastKnownFileType = wrapper.framework; name = MapKit.framework; path = System/Library/Frameworks/MapKit.framework; sourceTree = SDKROOT; };
		D3E4658815BAA18C000D0BB3 /* CoreLocation.framework */ = {isa = PBXFileReference; lastKnownFileType = wrapper.framework; name = CoreLocation.framework; path = System/Library/Frameworks/CoreLocation.framework; sourceTree = SDKROOT; };
/* End PBXFileReference section */

/* Begin PBXFrameworksBuildPhase section */
		D3E4655A15BA9CBA000D0BB3 /* Frameworks */ = {
			isa = PBXFrameworksBuildPhase;
			buildActionMask = 2147483647;
			files = (
				D3E4658915BAA18C000D0BB3 /* CoreLocation.framework in Frameworks */,
				D3E4658415BA9E40000D0BB3 /* MapKit.framework in Frameworks */,
				D3E4656215BA9CBA000D0BB3 /* UIKit.framework in Frameworks */,
				D3E4656415BA9CBA000D0BB3 /* Foundation.framework in Frameworks */,
				D3E4656615BA9CBA000D0BB3 /* CoreGraphics.framework in Frameworks */,
				D3C3705815BACCEC00A0CB27 /* libfacebook_ios_sdk.a in Frameworks */,
			);
			runOnlyForDeploymentPostprocessing = 0;
		};
/* End PBXFrameworksBuildPhase section */

/* Begin PBXGroup section */
		A9B9C02015BC05CF0013E02C /* images */ = {
			isa = PBXGroup;
			children = (
				D3B3D37915BC0B49001D01F4 /* arrow.png */,
				D3B3D37A15BC0B49001D01F4 /* balloon-frame.png */,
				D3B3D37B15BC0B49001D01F4 /* balloon-left.png */,
				D3B3D37C15BC0B49001D01F4 /* balloon-right.png */,
				D3B3D37D15BC0B49001D01F4 /* balloon-stretch.png */,
				D3B3D37E15BC0B49001D01F4 /* bar.png */,
				D3B3D37F15BC0B49001D01F4 /* beerbuddy.png */,
				D3D2C4C715BC198A00573A38 /* beerbuddy_0000s_0000_iphone.png */,
				D3D2C4C815BC198A00573A38 /* beerbuddy_0000s_0001s_0000s_0000__Path_.png */,
				D3D2C4C915BC198A00573A38 /* beerbuddy_0000s_0001s_0000s_0001__Path_.png */,
				D3D2C4CA15BC198A00573A38 /* beerbuddy_0000s_0001s_0001s_0000__Path_.png */,
				D3D2C4CB15BC198A00573A38 /* beerbuddy_0000s_0001s_0001s_0001__Path_.png */,
				D3D2C4CC15BC198A00573A38 /* beerbuddy_0000s_0001s_0002s_0000s_0000__Path_.png */,
				D3D2C4CD15BC198A00573A38 /* beerbuddy_0000s_0001s_0002s_0000s_0001__Path_.png */,
				D3D2C4CE15BC198A00573A38 /* beerbuddy_0000s_0001s_0002s_0001s_0000__Path_.png */,
				D3D2C4CF15BC198A00573A38 /* beerbuddy_0000s_0001s_0002s_0001s_0001__Path_.png */,
				D3D2C4D015BC198A00573A38 /* beerbuddy_0000s_0002_ARROW-RIGHT.png */,
				D3D2C4D115BC198A00573A38 /* beerbuddy_0000s_0003_swipe.png */,
				D3D2C4D315BC198A00573A38 /* beerbuddy_0000s_0005_Wybren-van-der-Zee.png */,
				D3D2C4D415BC198B00573A38 /* beerbuddy_0000s_0007_Layer-3-copy.png */,
				D3D2C4D515BC198B00573A38 /* beerbuddy_0000s_0008_Layer-2.png */,
				D3D2C4D615BC198B00573A38 /* beerbuddy_0000s_0009_background-copy-2.png */,
				D3D2C4D715BC198B00573A38 /* beerbuddy_0000s_0010_background.png */,
				D3D2C4D815BC198B00573A38 /* beerbuddy_0000s_0013_Shape-1.png */,
				D3D2C4D915BC198B00573A38 /* beerbuddy_0000s_0015_Layer-1.png */,
				D3D2C4DA15BC198B00573A38 /* beerbuddy_0001s_0000_iphone.png */,
				D3D2C4DB15BC198B00573A38 /* beerbuddy_0001s_0001_Settings.png */,
				D3D2C4DC15BC198B00573A38 /* beerbuddy_0001s_0002_Rounded-Rectangle-1.png */,
				D3D2C4DD15BC198B00573A38 /* beerbuddy_0001s_0003_handle-copy-2.png */,
				D3D2C4DE15BC198B00573A38 /* beerbuddy_0001s_0004_handle-copy.png */,
				D3D2C4DF15BC198B00573A38 /* beerbuddy_0001s_0005_Shape-7-copy-5.png */,
				D3D2C4E015BC198B00573A38 /* beerbuddy_0001s_0006_Shape-1.png */,
				D3D2C4E115BC198B00573A38 /* beerbuddy_0001s_0007_Rectangle-1.png */,
				D3D2C4E215BC198B00573A38 /* beerbuddy_0001s_0008_Also-show-friends-of-friends.png */,
				D3D2C4E315BC198B00573A38 /* beerbuddy_0001s_0009_Love_hate-our-application_-Tell-us.png */,
				D3D2C4E415BC198C00573A38 /* beerbuddy_0001s_0010_Shape-39-copy-2.png */,
				D3D2C4E515BC198C00573A38 /* beerbuddy_0001s_0011_Shape-39-copy-3.png */,
				D3D2C4E615BC198C00573A38 /* beerbuddy_0001s_0012_Rectangle-2-copy.png */,
				D3D2C4E715BC198C00573A38 /* beerbuddy_0001s_0013_Invite-friends-to-use-the-Going-Out-app!.png */,
				D3D2C4E815BC198C00573A38 /* beerbuddy_0001s_0014_Rectangle-2-copy-4.png */,
				D3D2C4E915BC198C00573A38 /* beerbuddy_0001s_0015_Rectangle-2-copy-2.png */,
				D3D2C4EA15BC198C00573A38 /* beerbuddy_0001s_0016_Rectangle-2.png */,
				D3D2C4EB15BC198C00573A38 /* beerbuddy_0001s_0017_Buzz-me-when-someone-is-nearby.png */,
				D3D2C4EC15BC198C00573A38 /* beerbuddy_0001s_0019_Rectangle-2.png */,
				D3D2C4ED15BC198C00573A38 /* beerbuddy_0002s_0000_iphone.png */,
				D3D2C4EE15BC198C00573A38 /* beerbuddy_0002s_0001_Going-out...png */,
				D3D2C4EF15BC198C00573A38 /* beerbuddy_0002s_0003_Rounded-Rectangle-1.png */,
				D3D2C4F015BC198C00573A38 /* beerbuddy_0002s_0004_Shape-7-copy-5.png */,
				D3D2C4F115BC198C00573A38 /* beerbuddy_0002s_0006_This-way-your-friends-can-see-you-on-their-map-and-vice-versa.-.png */,
				D3D2C4F215BC198C00573A38 /* beerbuddy_0002s_0007_handle.png */,
				D3D2C4F315BC198C00573A38 /* beerbuddy_0002s_0008_ON.png */,
				D3D2C4F415BC198C00573A38 /* beerbuddy_0002s_0009_gloss.png */,
				D3D2C4F515BC198C00573A38 /* beerbuddy_0002s_0010_background.png */,
				D3D2C4F715BC198C00573A38 /* beerbuddy_0002s_0012_Shape-1.png */,
				D3D2C4F815BC198C00573A38 /* beerbuddy_0002s_0013_Rectangle-1.png */,
				D3D2C4F915BC198C00573A38 /* beerbuddy_0002s_0015_Rectangle-2.png */,
				D3D2C4FA15BC198D00573A38 /* beerbuddy_0002s_0019_Rectangle-2.png */,
				D3D2C46C15BC16DC00573A38 /* beerbuddy_0003s_0000_iphone.png */,
				D3D2C4FB15BC198D00573A38 /* beerbuddy_0003s_0000_Login-with-facebook.png */,
				D3D2C46D15BC16DC00573A38 /* beerbuddy_0003s_0000s_0000_Livello-8.png */,
				D3D2C46E15BC16DC00573A38 /* beerbuddy_0003s_0000s_0000s_0000_GOING-HOME_.png */,
				D3D2C46F15BC16DC00573A38 /* beerbuddy_0003s_0000s_0000s_0001_top.png */,
				D3D2C47015BC16DC00573A38 /* beerbuddy_0003s_0000s_0000s_0002_bottom.png */,
				D3D2C47115BC16DC00573A38 /* beerbuddy_0003s_0000s_0000s_0003_Livello-4.png */,
				D3D2C47215BC16DC00573A38 /* beerbuddy_0003s_0000s_0001_Rounded-Rectangle-1.png */,
				D3D2C47315BC16DC00573A38 /* beerbuddy_0003s_0000s_0003_Shape-1.png */,
				D3D2C47415BC16DC00573A38 /* beerbuddy_0003s_0001_Layer-3.png */,
				D3D2C4FC15BC198D00573A38 /* beerbuddy_0003s_0001_submit-button-copy-25.png */,
				D3D2C47515BC16DC00573A38 /* beerbuddy_0003s_0001s_0001_Wybren-van-der-Zee.png */,
				D3D2C47615BC16DC00573A38 /* beerbuddy_0003s_0001s_0002_Layer-3-copy.png */,
				D3D2C47715BC16DC00573A38 /* beerbuddy_0003s_0001s_0003_background.png */,
				D3D2C4FD15BC198D00573A38 /* beerbuddy_0003s_0002_iphone.png */,
				D3D2C47815BC16DC00573A38 /* beerbuddy_0003s_0002_Livello-6.png */,
				D3D2C47915BC16DC00573A38 /* beerbuddy_0003s_0002s_0000_Layer-4.png */,
				D3D2C47A15BC16DC00573A38 /* beerbuddy_0003s_0002s_0001_background-copy-2.png */,
				D3D2C4FE15BC198D00573A38 /* beerbuddy_0003s_0003_We-let-you-share-your-location-with-your---facebook-friends,-bu.png */,
				D3D2C50015BC198D00573A38 /* beerbuddy_0003s_0005_Going-out...png */,
				D3D2C50115BC198D00573A38 /* beerbuddy_0003s_0006_Shape-1.png */,
				D3D2C50215BC198D00573A38 /* beerbuddy_0003s_0007_Rectangle-1-copy.png */,
				D3D2C50315BC198D00573A38 /* beerbuddy_0003s_0008_Rectangle-2-copy-3.png */,
				D3D2C50415BC198D00573A38 /* beerbuddy_0003s_0009_Rectangle-2.png */,
				D3D2C50515BC198D00573A38 /* beerbuddy_0003s_0010_Rectangle-1.png */,
				D3D2C47B15BC16DC00573A38 /* beerbuddy_0004s_0000_iphone.png */,
				D3D2C47C15BC16DC00573A38 /* beerbuddy_0004s_0000s_0000_slide.png */,
				D3D2C47E15BC16DC00573A38 /* beerbuddy_0004s_0000s_0000s_0001_top.png */,
				D3D2C47F15BC16DC00573A38 /* beerbuddy_0004s_0000s_0000s_0002_bottom.png */,
				D3D2C48015BC16DC00573A38 /* beerbuddy_0004s_0000s_0000s_0003_Livello-4.png */,
				D3D2C48115BC16DC00573A38 /* beerbuddy_0004s_0000s_0001_Livello-5.png */,
				D3D2C48215BC16DC00573A38 /* beerbuddy_0004s_0000s_0002_Shape-1.png */,
				D3D2C48315BC16DC00573A38 /* beerbuddy_0004s_0000s_0003_BeerBuddies-copy.png */,
				D3D2C48415BC16DC00573A38 /* beerbuddy_0004s_0000s_0004_Rectangle-2-copy-6.png */,
				D3D2C48515BC16DC00573A38 /* beerbuddy_0004s_0002_Rectangle-2-copy-5.png */,
				D3D2C48615BC16DC00573A38 /* beerbuddy_0005s_0000_Login-with-facebook.png */,
				D3D2C48715BC16DC00573A38 /* beerbuddy_0005s_0001_BeerBuddies.png */,
				D3D2C48815BC16DC00573A38 /* beerbuddy_0005s_0002_submit-button-copy-25.png */,
				D3D2C48915BC16DC00573A38 /* beerbuddy_0005s_0003_iphone.png */,
				D3D2C48A15BC16DC00573A38 /* beerbuddy_0005s_0004_We-let-you-share-your-location-with-your---facebook-friends,-bu.png */,
				D3D2C48C15BC16DC00573A38 /* beerbuddy_0005s_0008_Rectangle-2-copy-3.png */,
				D3D2C48D15BC16DC00573A38 /* beerbuddy_0005s_0009_Rectangle-2.png */,
				D3D2C48E15BC16DC00573A38 /* beerbuddy_0005s_0010_Rectangle-1.png */,
				D3D2C48F15BC16DC00573A38 /* beerbuddy_0006s_0001_BeerBuddies.png */,
				D3D2C49015BC16DC00573A38 /* beerbuddy_0006s_0003_iphone.png */,
				D3D2C49115BC16DC00573A38 /* beerbuddy_0006s_0008_Rectangle-2-copy-3.png */,
				D3D2C49215BC16DC00573A38 /* beerbuddy_0006s_0009_Rectangle-2.png */,
				D3D2C49315BC16DC00573A38 /* beerbuddy_0006s_0010_Rectangle-1.png */,
				D3D2C50615BC198D00573A38 /* beerbuddybuttonlogin.png */,
				D3D2C50715BC198D00573A38 /* bluebutton@2x copy.png */,
				D3D2C50815BC198D00573A38 /* bluebutton@2x.png */,
				D3B3D38215BC0B49001D01F4 /* close.png */,
				D3B3D38315BC0B49001D01F4 /* close@2x.png */,
				D3B3D38015BC0B49001D01F4 /* close_black.png */,
				D3B3D38115BC0B49001D01F4 /* close_black@2x.png */,
				D3B3D38415BC0B49001D01F4 /* gear.png */,
				D3D2C49415BC16DC00573A38 /* going-home_0003s_0000s_0000s_0000_GOING-HOME_.png */,
				D3B3D38515BC0B49001D01F4 /* goinghome.png */,
				D3B3D38615BC0B49001D01F4 /* goingout.png */,
				D3B3D38715BC0B49001D01F4 /* grip.png */,
				D3B3D38815BC0B49001D01F4 /* Icon.png */,
				D3B3D38915BC0B49001D01F4 /* Icon@2x.png */,
				D3B3D38A15BC0B49001D01F4 /* list.png */,
				D3B3D38B15BC0B49001D01F4 /* preferences.png */,
				D3D2C49515BC16DC00573A38 /* stukjetext_0005s_0004_We-let-you-share-your-location-with-your---facebook-friends,-bu.png */,
			);
			name = images;
			sourceTree = "<group>";
		};
		D3C3704A15BACCEC00A0CB27 /* facebook-ios-sdk */ = {
			isa = PBXGroup;
			children = (
				D3C3704B15BACCEC00A0CB27 /* Facebook.h */,
				D3C3704C15BACCEC00A0CB27 /* FBConnect.h */,
				D3C3704D15BACCEC00A0CB27 /* FBDialog.h */,
				D3C3704E15BACCEC00A0CB27 /* FBLoginDialog.h */,
				D3C3704F15BACCEC00A0CB27 /* FBRequest.h */,
				D3C3705015BACCEC00A0CB27 /* JSON.h */,
				D3C3705115BACCEC00A0CB27 /* NSObject+SBJSON.h */,
				D3C3705215BACCEC00A0CB27 /* NSString+SBJSON.h */,
				D3C3705315BACCEC00A0CB27 /* SBJSON.h */,
				D3C3705415BACCEC00A0CB27 /* SBJsonBase.h */,
				D3C3705515BACCEC00A0CB27 /* SBJsonParser.h */,
				D3C3705615BACCEC00A0CB27 /* SBJsonWriter.h */,
			);
			path = "facebook-ios-sdk";
			sourceTree = "<group>";
		};
		D3E4655215BA9CBA000D0BB3 = {
			isa = PBXGroup;
			children = (
				D3B3D3B115BC0BB1001D01F4 /* Default.png */,
				D3B3D3AF15BC0BAE001D01F4 /* Default@2x.png */,
				A9B9C02015BC05CF0013E02C /* images */,
				D3C3704A15BACCEC00A0CB27 /* facebook-ios-sdk */,
				D3C3705715BACCEC00A0CB27 /* libfacebook_ios_sdk.a */,
				D3E4656715BA9CBA000D0BB3 /* Beer Buddy */,
				D3E4656015BA9CBA000D0BB3 /* Frameworks */,
				D3E4655E15BA9CBA000D0BB3 /* Products */,
			);
			sourceTree = "<group>";
		};
		D3E4655E15BA9CBA000D0BB3 /* Products */ = {
			isa = PBXGroup;
			children = (
				D3E4655D15BA9CBA000D0BB3 /* Beer Buddy.app */,
			);
			name = Products;
			sourceTree = "<group>";
		};
		D3E4656015BA9CBA000D0BB3 /* Frameworks */ = {
			isa = PBXGroup;
			children = (
				D3E4658815BAA18C000D0BB3 /* CoreLocation.framework */,
				D3E4658315BA9E40000D0BB3 /* MapKit.framework */,
				D3E4656115BA9CBA000D0BB3 /* UIKit.framework */,
				D3E4656315BA9CBA000D0BB3 /* Foundation.framework */,
				D3E4656515BA9CBA000D0BB3 /* CoreGraphics.framework */,
			);
			name = Frameworks;
			sourceTree = "<group>";
		};
		D3E4656715BA9CBA000D0BB3 /* Beer Buddy */ = {
			isa = PBXGroup;
			children = (
				D3E4657015BA9CBA000D0BB3 /* AppDelegate.h */,
				D3E4657115BA9CBA000D0BB3 /* AppDelegate.m */,
				D3D2C54B15BC1D4400573A38 /* FacebookLoginViewController.h */,
				D3D2C54C15BC1D4400573A38 /* FacebookLoginViewController.m */,
				D3C3703F15BAC3E600A0CB27 /* Friend.h */,
				D3C3704015BAC3E600A0CB27 /* Friend.m */,
				D337C1FB15BAA85700729C7F /* FriendAnnotationView.h */,
				D337C1FC15BAA85700729C7F /* FriendAnnotationView.m */,
				D32C8E9D15BAAAF7009CD20B /* FriendAnnotationView.xib */,
				D3C3705F15BB0C6300A0CB27 /* Grip.h */,
				D3C3706015BB0C6300A0CB27 /* Grip.m */,
				D3C3705C15BAE70F00A0CB27 /* JSONKit.h */,
				D3C3705D15BAE70F00A0CB27 /* JSONKit.m */,
				A9B9C03815BC06850013E02C /* MainStoryboard.storyboard */,
				A951C3DE15BB25E000D6D4AF /* PreferencesViewController.h */,
				A951C3DF15BB25E000D6D4AF /* PreferencesViewController.m */,
				D3E4656815BA9CBA000D0BB3 /* Supporting Files */,
				D3E4657615BA9CBA000D0BB3 /* ViewController.h */,
				D3E4657715BA9CBA000D0BB3 /* ViewController.m */,
				D39EBFB015BC2FBB00CA3DF2 /* FriendListTableViewController.h */,
				D39EBFB115BC2FBB00CA3DF2 /* FriendListTableViewController.m */,
			);
			path = "Beer Buddy";
			sourceTree = "<group>";
		};
		D3E4656815BA9CBA000D0BB3 /* Supporting Files */ = {
			isa = PBXGroup;
			children = (
				D3E4656915BA9CBA000D0BB3 /* Beer Buddy-Info.plist */,
				D3E4656A15BA9CBA000D0BB3 /* InfoPlist.strings */,
				D3E4656D15BA9CBA000D0BB3 /* main.m */,
				D3E4656F15BA9CBA000D0BB3 /* Beer Buddy-Prefix.pch */,
			);
			name = "Supporting Files";
			sourceTree = "<group>";
		};
/* End PBXGroup section */

/* Begin PBXNativeTarget section */
		D3E4655C15BA9CBA000D0BB3 /* Beer Buddy */ = {
			isa = PBXNativeTarget;
			buildConfigurationList = D3E4657B15BA9CBA000D0BB3 /* Build configuration list for PBXNativeTarget "Beer Buddy" */;
			buildPhases = (
				D3E4655915BA9CBA000D0BB3 /* Sources */,
				D3E4655A15BA9CBA000D0BB3 /* Frameworks */,
				D3E4655B15BA9CBA000D0BB3 /* Resources */,
			);
			buildRules = (
			);
			dependencies = (
			);
			name = "Beer Buddy";
			productName = "Beer Buddy";
			productReference = D3E4655D15BA9CBA000D0BB3 /* Beer Buddy.app */;
			productType = "com.apple.product-type.application";
		};
/* End PBXNativeTarget section */

/* Begin PBXProject section */
		D3E4655415BA9CBA000D0BB3 /* Project object */ = {
			isa = PBXProject;
			attributes = {
				LastUpgradeCheck = 0430;
				ORGANIZATIONNAME = "Paul Wagener";
			};
			buildConfigurationList = D3E4655715BA9CBA000D0BB3 /* Build configuration list for PBXProject "Beer Buddy" */;
			compatibilityVersion = "Xcode 3.2";
			developmentRegion = English;
			hasScannedForEncodings = 0;
			knownRegions = (
				en,
			);
			mainGroup = D3E4655215BA9CBA000D0BB3;
			productRefGroup = D3E4655E15BA9CBA000D0BB3 /* Products */;
			projectDirPath = "";
			projectRoot = "";
			targets = (
				D3E4655C15BA9CBA000D0BB3 /* Beer Buddy */,
			);
		};
/* End PBXProject section */

/* Begin PBXResourcesBuildPhase section */
		D3E4655B15BA9CBA000D0BB3 /* Resources */ = {
			isa = PBXResourcesBuildPhase;
			buildActionMask = 2147483647;
			files = (
				D3E4656C15BA9CBA000D0BB3 /* InfoPlist.strings in Resources */,
				D32C8E9E15BAAAF7009CD20B /* FriendAnnotationView.xib in Resources */,
				A9B9C03915BC06850013E02C /* MainStoryboard.storyboard in Resources */,
				D3B3D38C15BC0B49001D01F4 /* arrow.png in Resources */,
				D3B3D38D15BC0B49001D01F4 /* balloon-frame.png in Resources */,
				D3B3D38E15BC0B49001D01F4 /* balloon-left.png in Resources */,
				D3B3D38F15BC0B49001D01F4 /* balloon-right.png in Resources */,
				D3B3D39015BC0B49001D01F4 /* balloon-stretch.png in Resources */,
				D3B3D39115BC0B49001D01F4 /* bar.png in Resources */,
				D3B3D39215BC0B49001D01F4 /* beerbuddy.png in Resources */,
				D3B3D39315BC0B49001D01F4 /* close_black.png in Resources */,
				D3B3D39415BC0B49001D01F4 /* close_black@2x.png in Resources */,
				D3B3D39515BC0B49001D01F4 /* close.png in Resources */,
				D3B3D39615BC0B49001D01F4 /* close@2x.png in Resources */,
				D3B3D39715BC0B49001D01F4 /* gear.png in Resources */,
				D3B3D39815BC0B49001D01F4 /* goinghome.png in Resources */,
				D3B3D39915BC0B49001D01F4 /* goingout.png in Resources */,
				D3B3D39A15BC0B49001D01F4 /* grip.png in Resources */,
				D3B3D39B15BC0B49001D01F4 /* Icon.png in Resources */,
				D3B3D39C15BC0B49001D01F4 /* Icon@2x.png in Resources */,
				D3B3D39D15BC0B49001D01F4 /* list.png in Resources */,
				D3B3D39E15BC0B49001D01F4 /* preferences.png in Resources */,
				D3B3D3B015BC0BAE001D01F4 /* Default@2x.png in Resources */,
				D3B3D3B215BC0BB1001D01F4 /* Default.png in Resources */,
				D3D2C49615BC16DC00573A38 /* beerbuddy_0003s_0000_iphone.png in Resources */,
				D3D2C49715BC16DC00573A38 /* beerbuddy_0003s_0000s_0000_Livello-8.png in Resources */,
				D3D2C49815BC16DC00573A38 /* beerbuddy_0003s_0000s_0000s_0000_GOING-HOME_.png in Resources */,
				D3D2C49915BC16DC00573A38 /* beerbuddy_0003s_0000s_0000s_0001_top.png in Resources */,
				D3D2C49A15BC16DC00573A38 /* beerbuddy_0003s_0000s_0000s_0002_bottom.png in Resources */,
				D3D2C49B15BC16DC00573A38 /* beerbuddy_0003s_0000s_0000s_0003_Livello-4.png in Resources */,
				D3D2C49C15BC16DC00573A38 /* beerbuddy_0003s_0000s_0001_Rounded-Rectangle-1.png in Resources */,
				D3D2C49D15BC16DC00573A38 /* beerbuddy_0003s_0000s_0003_Shape-1.png in Resources */,
				D3D2C49E15BC16DC00573A38 /* beerbuddy_0003s_0001_Layer-3.png in Resources */,
				D3D2C49F15BC16DC00573A38 /* beerbuddy_0003s_0001s_0001_Wybren-van-der-Zee.png in Resources */,
				D3D2C4A015BC16DC00573A38 /* beerbuddy_0003s_0001s_0002_Layer-3-copy.png in Resources */,
				D3D2C4A115BC16DC00573A38 /* beerbuddy_0003s_0001s_0003_background.png in Resources */,
				D3D2C4A215BC16DC00573A38 /* beerbuddy_0003s_0002_Livello-6.png in Resources */,
				D3D2C4A315BC16DC00573A38 /* beerbuddy_0003s_0002s_0000_Layer-4.png in Resources */,
				D3D2C4A415BC16DC00573A38 /* beerbuddy_0003s_0002s_0001_background-copy-2.png in Resources */,
				D3D2C4A515BC16DC00573A38 /* beerbuddy_0004s_0000_iphone.png in Resources */,
				D3D2C4A615BC16DC00573A38 /* beerbuddy_0004s_0000s_0000_slide.png in Resources */,
				D3D2C4A815BC16DC00573A38 /* beerbuddy_0004s_0000s_0000s_0001_top.png in Resources */,
				D3D2C4A915BC16DC00573A38 /* beerbuddy_0004s_0000s_0000s_0002_bottom.png in Resources */,
				D3D2C4AA15BC16DC00573A38 /* beerbuddy_0004s_0000s_0000s_0003_Livello-4.png in Resources */,
				D3D2C4AB15BC16DC00573A38 /* beerbuddy_0004s_0000s_0001_Livello-5.png in Resources */,
				D3D2C4AC15BC16DC00573A38 /* beerbuddy_0004s_0000s_0002_Shape-1.png in Resources */,
				D3D2C4AD15BC16DC00573A38 /* beerbuddy_0004s_0000s_0003_BeerBuddies-copy.png in Resources */,
				D3D2C4AE15BC16DC00573A38 /* beerbuddy_0004s_0000s_0004_Rectangle-2-copy-6.png in Resources */,
				D3D2C4AF15BC16DC00573A38 /* beerbuddy_0004s_0002_Rectangle-2-copy-5.png in Resources */,
				D3D2C4B015BC16DC00573A38 /* beerbuddy_0005s_0000_Login-with-facebook.png in Resources */,
				D3D2C4B115BC16DC00573A38 /* beerbuddy_0005s_0001_BeerBuddies.png in Resources */,
				D3D2C4B215BC16DC00573A38 /* beerbuddy_0005s_0002_submit-button-copy-25.png in Resources */,
				D3D2C4B315BC16DC00573A38 /* beerbuddy_0005s_0003_iphone.png in Resources */,
				D3D2C4B415BC16DC00573A38 /* beerbuddy_0005s_0004_We-let-you-share-your-location-with-your---facebook-friends,-bu.png in Resources */,
				D3D2C4B615BC16DC00573A38 /* beerbuddy_0005s_0008_Rectangle-2-copy-3.png in Resources */,
				D3D2C4B715BC16DC00573A38 /* beerbuddy_0005s_0009_Rectangle-2.png in Resources */,
				D3D2C4B815BC16DC00573A38 /* beerbuddy_0005s_0010_Rectangle-1.png in Resources */,
				D3D2C4B915BC16DC00573A38 /* beerbuddy_0006s_0001_BeerBuddies.png in Resources */,
				D3D2C4BA15BC16DC00573A38 /* beerbuddy_0006s_0003_iphone.png in Resources */,
				D3D2C4BB15BC16DC00573A38 /* beerbuddy_0006s_0008_Rectangle-2-copy-3.png in Resources */,
				D3D2C4BC15BC16DC00573A38 /* beerbuddy_0006s_0009_Rectangle-2.png in Resources */,
				D3D2C4BD15BC16DC00573A38 /* beerbuddy_0006s_0010_Rectangle-1.png in Resources */,
				D3D2C4BE15BC16DC00573A38 /* going-home_0003s_0000s_0000s_0000_GOING-HOME_.png in Resources */,
				D3D2C4BF15BC16DC00573A38 /* stukjetext_0005s_0004_We-let-you-share-your-location-with-your---facebook-friends,-bu.png in Resources */,
				D3D2C50915BC198E00573A38 /* beerbuddy_0000s_0000_iphone.png in Resources */,
				D3D2C50A15BC198E00573A38 /* beerbuddy_0000s_0001s_0000s_0000__Path_.png in Resources */,
				D3D2C50B15BC198E00573A38 /* beerbuddy_0000s_0001s_0000s_0001__Path_.png in Resources */,
				D3D2C50C15BC198E00573A38 /* beerbuddy_0000s_0001s_0001s_0000__Path_.png in Resources */,
				D3D2C50D15BC198E00573A38 /* beerbuddy_0000s_0001s_0001s_0001__Path_.png in Resources */,
				D3D2C50E15BC198E00573A38 /* beerbuddy_0000s_0001s_0002s_0000s_0000__Path_.png in Resources */,
				D3D2C50F15BC198E00573A38 /* beerbuddy_0000s_0001s_0002s_0000s_0001__Path_.png in Resources */,
				D3D2C51015BC198E00573A38 /* beerbuddy_0000s_0001s_0002s_0001s_0000__Path_.png in Resources */,
				D3D2C51115BC198E00573A38 /* beerbuddy_0000s_0001s_0002s_0001s_0001__Path_.png in Resources */,
				D3D2C51215BC198E00573A38 /* beerbuddy_0000s_0002_ARROW-RIGHT.png in Resources */,
				D3D2C51315BC198E00573A38 /* beerbuddy_0000s_0003_swipe.png in Resources */,
				D3D2C51515BC198E00573A38 /* beerbuddy_0000s_0005_Wybren-van-der-Zee.png in Resources */,
				D3D2C51615BC198E00573A38 /* beerbuddy_0000s_0007_Layer-3-copy.png in Resources */,
				D3D2C51715BC198E00573A38 /* beerbuddy_0000s_0008_Layer-2.png in Resources */,
				D3D2C51815BC198E00573A38 /* beerbuddy_0000s_0009_background-copy-2.png in Resources */,
				D3D2C51915BC198E00573A38 /* beerbuddy_0000s_0010_background.png in Resources */,
				D3D2C51A15BC198E00573A38 /* beerbuddy_0000s_0013_Shape-1.png in Resources */,
				D3D2C51B15BC198E00573A38 /* beerbuddy_0000s_0015_Layer-1.png in Resources */,
				D3D2C51C15BC198E00573A38 /* beerbuddy_0001s_0000_iphone.png in Resources */,
				D3D2C51D15BC198E00573A38 /* beerbuddy_0001s_0001_Settings.png in Resources */,
				D3D2C51E15BC198E00573A38 /* beerbuddy_0001s_0002_Rounded-Rectangle-1.png in Resources */,
				D3D2C51F15BC198E00573A38 /* beerbuddy_0001s_0003_handle-copy-2.png in Resources */,
				D3D2C52015BC198E00573A38 /* beerbuddy_0001s_0004_handle-copy.png in Resources */,
				D3D2C52115BC198E00573A38 /* beerbuddy_0001s_0005_Shape-7-copy-5.png in Resources */,
				D3D2C52215BC198E00573A38 /* beerbuddy_0001s_0006_Shape-1.png in Resources */,
				D3D2C52315BC198E00573A38 /* beerbuddy_0001s_0007_Rectangle-1.png in Resources */,
				D3D2C52415BC198E00573A38 /* beerbuddy_0001s_0008_Also-show-friends-of-friends.png in Resources */,
				D3D2C52515BC198E00573A38 /* beerbuddy_0001s_0009_Love_hate-our-application_-Tell-us.png in Resources */,
				D3D2C52615BC198E00573A38 /* beerbuddy_0001s_0010_Shape-39-copy-2.png in Resources */,
				D3D2C52715BC198E00573A38 /* beerbuddy_0001s_0011_Shape-39-copy-3.png in Resources */,
				D3D2C52815BC198E00573A38 /* beerbuddy_0001s_0012_Rectangle-2-copy.png in Resources */,
				D3D2C52915BC198E00573A38 /* beerbuddy_0001s_0013_Invite-friends-to-use-the-Going-Out-app!.png in Resources */,
				D3D2C52A15BC198E00573A38 /* beerbuddy_0001s_0014_Rectangle-2-copy-4.png in Resources */,
				D3D2C52B15BC198E00573A38 /* beerbuddy_0001s_0015_Rectangle-2-copy-2.png in Resources */,
				D3D2C52C15BC198E00573A38 /* beerbuddy_0001s_0016_Rectangle-2.png in Resources */,
				D3D2C52D15BC198E00573A38 /* beerbuddy_0001s_0017_Buzz-me-when-someone-is-nearby.png in Resources */,
				D3D2C52E15BC198E00573A38 /* beerbuddy_0001s_0019_Rectangle-2.png in Resources */,
				D3D2C52F15BC198E00573A38 /* beerbuddy_0002s_0000_iphone.png in Resources */,
				D3D2C53015BC198E00573A38 /* beerbuddy_0002s_0001_Going-out...png in Resources */,
				D3D2C53115BC198E00573A38 /* beerbuddy_0002s_0003_Rounded-Rectangle-1.png in Resources */,
				D3D2C53215BC198E00573A38 /* beerbuddy_0002s_0004_Shape-7-copy-5.png in Resources */,
				D3D2C53315BC198E00573A38 /* beerbuddy_0002s_0006_This-way-your-friends-can-see-you-on-their-map-and-vice-versa.-.png in Resources */,
				D3D2C53415BC198E00573A38 /* beerbuddy_0002s_0007_handle.png in Resources */,
				D3D2C53515BC198E00573A38 /* beerbuddy_0002s_0008_ON.png in Resources */,
				D3D2C53615BC198E00573A38 /* beerbuddy_0002s_0009_gloss.png in Resources */,
				D3D2C53715BC198E00573A38 /* beerbuddy_0002s_0010_background.png in Resources */,
				D3D2C53915BC198E00573A38 /* beerbuddy_0002s_0012_Shape-1.png in Resources */,
				D3D2C53A15BC198E00573A38 /* beerbuddy_0002s_0013_Rectangle-1.png in Resources */,
				D3D2C53B15BC198E00573A38 /* beerbuddy_0002s_0015_Rectangle-2.png in Resources */,
				D3D2C53C15BC198E00573A38 /* beerbuddy_0002s_0019_Rectangle-2.png in Resources */,
				D3D2C53D15BC198E00573A38 /* beerbuddy_0003s_0000_Login-with-facebook.png in Resources */,
				D3D2C53E15BC198E00573A38 /* beerbuddy_0003s_0001_submit-button-copy-25.png in Resources */,
				D3D2C53F15BC198E00573A38 /* beerbuddy_0003s_0002_iphone.png in Resources */,
				D3D2C54015BC198E00573A38 /* beerbuddy_0003s_0003_We-let-you-share-your-location-with-your---facebook-friends,-bu.png in Resources */,
				D3D2C54215BC198E00573A38 /* beerbuddy_0003s_0005_Going-out...png in Resources */,
				D3D2C54315BC198E00573A38 /* beerbuddy_0003s_0006_Shape-1.png in Resources */,
				D3D2C54415BC198E00573A38 /* beerbuddy_0003s_0007_Rectangle-1-copy.png in Resources */,
				D3D2C54515BC198E00573A38 /* beerbuddy_0003s_0008_Rectangle-2-copy-3.png in Resources */,
				D3D2C54615BC198E00573A38 /* beerbuddy_0003s_0009_Rectangle-2.png in Resources */,
				D3D2C54715BC198E00573A38 /* beerbuddy_0003s_0010_Rectangle-1.png in Resources */,
				D3D2C54815BC198E00573A38 /* beerbuddybuttonlogin.png in Resources */,
				D3D2C54915BC198E00573A38 /* bluebutton@2x copy.png in Resources */,
				D3D2C54A15BC198E00573A38 /* bluebutton@2x.png in Resources */,
			);
			runOnlyForDeploymentPostprocessing = 0;
		};
/* End PBXResourcesBuildPhase section */

/* Begin PBXSourcesBuildPhase section */
		D3E4655915BA9CBA000D0BB3 /* Sources */ = {
			isa = PBXSourcesBuildPhase;
			buildActionMask = 2147483647;
			files = (
				D3E4656E15BA9CBA000D0BB3 /* main.m in Sources */,
				D3E4657215BA9CBA000D0BB3 /* AppDelegate.m in Sources */,
				D3E4657815BA9CBA000D0BB3 /* ViewController.m in Sources */,
				D337C1FD15BAA85700729C7F /* FriendAnnotationView.m in Sources */,
				D3C3704115BAC3E600A0CB27 /* Friend.m in Sources */,
				D3C3705E15BAE70F00A0CB27 /* JSONKit.m in Sources */,
				D3C3706115BB0C6300A0CB27 /* Grip.m in Sources */,
				A951C3E115BB25E000D6D4AF /* PreferencesViewController.m in Sources */,
				D3D2C54D15BC1D4400573A38 /* FacebookLoginViewController.m in Sources */,
				D39EBFB215BC2FBB00CA3DF2 /* FriendListTableViewController.m in Sources */,
			);
			runOnlyForDeploymentPostprocessing = 0;
		};
/* End PBXSourcesBuildPhase section */

/* Begin PBXVariantGroup section */
		D3E4656A15BA9CBA000D0BB3 /* InfoPlist.strings */ = {
			isa = PBXVariantGroup;
			children = (
				D3E4656B15BA9CBA000D0BB3 /* en */,
			);
			name = InfoPlist.strings;
			sourceTree = "<group>";
		};
/* End PBXVariantGroup section */

/* Begin XCBuildConfiguration section */
		D3E4657915BA9CBA000D0BB3 /* Debug */ = {
			isa = XCBuildConfiguration;
			buildSettings = {
				ALWAYS_SEARCH_USER_PATHS = NO;
				ARCHS = "$(ARCHS_STANDARD_32_BIT)";
				CLANG_ENABLE_OBJC_ARC = YES;
				"CODE_SIGN_IDENTITY[sdk=iphoneos*]" = "iPhone Developer";
				COPY_PHASE_STRIP = NO;
				GCC_C_LANGUAGE_STANDARD = gnu99;
				GCC_DYNAMIC_NO_PIC = NO;
				GCC_OPTIMIZATION_LEVEL = 0;
				GCC_PREPROCESSOR_DEFINITIONS = (
					"DEBUG=1",
					"$(inherited)",
				);
				GCC_SYMBOLS_PRIVATE_EXTERN = NO;
				GCC_VERSION = com.apple.compilers.llvm.clang.1_0;
				GCC_WARN_ABOUT_RETURN_TYPE = YES;
				GCC_WARN_UNINITIALIZED_AUTOS = YES;
				GCC_WARN_UNUSED_VARIABLE = YES;
				IPHONEOS_DEPLOYMENT_TARGET = 5.1;
				SDKROOT = iphoneos;
			};
			name = Debug;
		};
		D3E4657A15BA9CBA000D0BB3 /* Release */ = {
			isa = XCBuildConfiguration;
			buildSettings = {
				ALWAYS_SEARCH_USER_PATHS = NO;
				ARCHS = "$(ARCHS_STANDARD_32_BIT)";
				CLANG_ENABLE_OBJC_ARC = YES;
				"CODE_SIGN_IDENTITY[sdk=iphoneos*]" = "iPhone Developer";
				COPY_PHASE_STRIP = YES;
				GCC_C_LANGUAGE_STANDARD = gnu99;
				GCC_VERSION = com.apple.compilers.llvm.clang.1_0;
				GCC_WARN_ABOUT_RETURN_TYPE = YES;
				GCC_WARN_UNINITIALIZED_AUTOS = YES;
				GCC_WARN_UNUSED_VARIABLE = YES;
				IPHONEOS_DEPLOYMENT_TARGET = 5.1;
				OTHER_CFLAGS = "-DNS_BLOCK_ASSERTIONS=1";
				SDKROOT = iphoneos;
				VALIDATE_PRODUCT = YES;
			};
			name = Release;
		};
		D3E4657C15BA9CBA000D0BB3 /* Debug */ = {
			isa = XCBuildConfiguration;
			buildSettings = {
				GCC_PRECOMPILE_PREFIX_HEADER = YES;
				GCC_PREFIX_HEADER = "Beer Buddy/Beer Buddy-Prefix.pch";
				INFOPLIST_FILE = "Beer Buddy/Beer Buddy-Info.plist";
				LIBRARY_SEARCH_PATHS = (
					"$(inherited)",
					"\"$(SRCROOT)\"",
				);
				PRODUCT_NAME = "$(TARGET_NAME)";
				WRAPPER_EXTENSION = app;
			};
			name = Debug;
		};
		D3E4657D15BA9CBA000D0BB3 /* Release */ = {
			isa = XCBuildConfiguration;
			buildSettings = {
				GCC_PRECOMPILE_PREFIX_HEADER = YES;
				GCC_PREFIX_HEADER = "Beer Buddy/Beer Buddy-Prefix.pch";
				INFOPLIST_FILE = "Beer Buddy/Beer Buddy-Info.plist";
				LIBRARY_SEARCH_PATHS = (
					"$(inherited)",
					"\"$(SRCROOT)\"",
				);
				PRODUCT_NAME = "$(TARGET_NAME)";
				WRAPPER_EXTENSION = app;
			};
			name = Release;
		};
/* End XCBuildConfiguration section */

/* Begin XCConfigurationList section */
		D3E4655715BA9CBA000D0BB3 /* Build configuration list for PBXProject "Beer Buddy" */ = {
			isa = XCConfigurationList;
			buildConfigurations = (
				D3E4657915BA9CBA000D0BB3 /* Debug */,
				D3E4657A15BA9CBA000D0BB3 /* Release */,
			);
			defaultConfigurationIsVisible = 0;
			defaultConfigurationName = Release;
		};
		D3E4657B15BA9CBA000D0BB3 /* Build configuration list for PBXNativeTarget "Beer Buddy" */ = {
			isa = XCConfigurationList;
			buildConfigurations = (
				D3E4657C15BA9CBA000D0BB3 /* Debug */,
				D3E4657D15BA9CBA000D0BB3 /* Release */,
			);
			defaultConfigurationIsVisible = 0;
			defaultConfigurationName = Release;
		};
/* End XCConfigurationList section */
	};
	rootObject = D3E4655415BA9CBA000D0BB3 /* Project object */;
}
